# This file is generated by running "yarn install" inside your project.
# Manual changes might be lost - proceed with caution!

__metadata:
  version: 8
  cacheKey: 10c0

"@emnapi/core@npm:^1.4.5":
  version: 1.4.5
  resolution: "@emnapi/core@npm:1.4.5"
  dependencies:
    "@emnapi/wasi-threads": "npm:1.0.4"
    tslib: "npm:^2.4.0"
  checksum: 10c0/da4a57f65f325d720d0e0d1a9c6618b90c4c43a5027834a110476984e1d47c95ebaed4d316b5dddb9c0ed9a493ffeb97d1934f9677035f336d8a36c1f3b2818f
  languageName: node
  linkType: hard

"@emnapi/runtime@npm:^1.4.5":
  version: 1.4.5
  resolution: "@emnapi/runtime@npm:1.4.5"
  dependencies:
    tslib: "npm:^2.4.0"
  checksum: 10c0/37a0278be5ac81e918efe36f1449875cbafba947039c53c65a1f8fc238001b866446fc66041513b286baaff5d6f9bec667f5164b3ca481373a8d9cb65bfc984b
  languageName: node
  linkType: hard

"@emnapi/wasi-threads@npm:1.0.4":
  version: 1.0.4
  resolution: "@emnapi/wasi-threads@npm:1.0.4"
  dependencies:
    tslib: "npm:^2.4.0"
  checksum: 10c0/2c91a53e62f875800baf035c4d42c9c0d18e5afd9a31ca2aac8b435aeaeaeaac386b5b3d0d0e70aa7a5a9852bbe05106b1f680cd82cce03145c703b423d41313
  languageName: node
  linkType: hard

"@inquirer/checkbox@npm:^4.2.0":
  version: 4.2.0
  resolution: "@inquirer/checkbox@npm:4.2.0"
  dependencies:
    "@inquirer/core": "npm:^10.1.15"
    "@inquirer/figures": "npm:^1.0.13"
    "@inquirer/type": "npm:^3.0.8"
    ansi-escapes: "npm:^4.3.2"
    yoctocolors-cjs: "npm:^2.1.2"
  peerDependencies:
    "@types/node": ">=18"
  peerDependenciesMeta:
    "@types/node":
      optional: true
  checksum: 10c0/9d0371f946d3866f5192debb48ef7567e63d0bbed3177e3fbba83c830eea267761a7efb6223bfa5e7674415a7040f628314263ba4165e6e6e374335022d87659
  languageName: node
  linkType: hard

"@inquirer/confirm@npm:^5.1.14":
  version: 5.1.14
  resolution: "@inquirer/confirm@npm:5.1.14"
  dependencies:
    "@inquirer/core": "npm:^10.1.15"
    "@inquirer/type": "npm:^3.0.8"
  peerDependencies:
    "@types/node": ">=18"
  peerDependenciesMeta:
    "@types/node":
      optional: true
  checksum: 10c0/12f49e8d1564c77c290163e87c9a256cfc087eab0c096738c73b03aa3d59a98c233fb9fb3692f162d67f923d120a4aa8ef819f75d979916dc13456f726c579d1
  languageName: node
  linkType: hard

"@inquirer/core@npm:^10.1.15":
  version: 10.1.15
  resolution: "@inquirer/core@npm:10.1.15"
  dependencies:
    "@inquirer/figures": "npm:^1.0.13"
    "@inquirer/type": "npm:^3.0.8"
    ansi-escapes: "npm:^4.3.2"
    cli-width: "npm:^4.1.0"
    mute-stream: "npm:^2.0.0"
    signal-exit: "npm:^4.1.0"
    wrap-ansi: "npm:^6.2.0"
    yoctocolors-cjs: "npm:^2.1.2"
  peerDependencies:
    "@types/node": ">=18"
  peerDependenciesMeta:
    "@types/node":
      optional: true
  checksum: 10c0/3214dfa882f17e3d9cdd45fc73f9134b90e3d685f8285f7963d836fe25f786d8ecf9c16d2710fc968b77da40508fa74466d5ad90c5466626037995210b946b12
  languageName: node
  linkType: hard

"@inquirer/editor@npm:^4.2.15":
  version: 4.2.15
  resolution: "@inquirer/editor@npm:4.2.15"
  dependencies:
    "@inquirer/core": "npm:^10.1.15"
    "@inquirer/type": "npm:^3.0.8"
    external-editor: "npm:^3.1.0"
  peerDependencies:
    "@types/node": ">=18"
  peerDependenciesMeta:
    "@types/node":
      optional: true
  checksum: 10c0/81c524c3a80b4c75565bb316b2f06b055d374f7f79cc1140528a966f0dd2ca9099bb18466203125db52092b2c9bab2e4f17e81e40fb5ca204fdd939f07b02ea4
  languageName: node
  linkType: hard

"@inquirer/expand@npm:^4.0.17":
  version: 4.0.17
  resolution: "@inquirer/expand@npm:4.0.17"
  dependencies:
    "@inquirer/core": "npm:^10.1.15"
    "@inquirer/type": "npm:^3.0.8"
    yoctocolors-cjs: "npm:^2.1.2"
  peerDependencies:
    "@types/node": ">=18"
  peerDependenciesMeta:
    "@types/node":
      optional: true
  checksum: 10c0/b5335de9d2c49ea4980fc2d0be1568cc700eb1b9908817efc19cccec78d3ad412d399de1c2562d8b8ffafe3fbc2946225d853c8bb2d27557250fea8ca5239a7f
  languageName: node
  linkType: hard

"@inquirer/figures@npm:^1.0.13":
  version: 1.0.13
  resolution: "@inquirer/figures@npm:1.0.13"
  checksum: 10c0/23700a4a0627963af5f51ef4108c338ae77bdd90393164b3fdc79a378586e1f5531259882b7084c690167bf5a36e83033e45aca0321570ba810890abe111014f
  languageName: node
  linkType: hard

"@inquirer/input@npm:^4.2.1":
  version: 4.2.1
  resolution: "@inquirer/input@npm:4.2.1"
  dependencies:
    "@inquirer/core": "npm:^10.1.15"
    "@inquirer/type": "npm:^3.0.8"
  peerDependencies:
    "@types/node": ">=18"
  peerDependenciesMeta:
    "@types/node":
      optional: true
  checksum: 10c0/d1bf680084703f42a2f29d63e35168b77e714dfdc666ce08bc104352385c19f22d65a8be7a31361a83a4a291e2bb07a1d20f642f5be817ac36f372e22196a37a
  languageName: node
  linkType: hard

"@inquirer/number@npm:^3.0.17":
  version: 3.0.17
  resolution: "@inquirer/number@npm:3.0.17"
  dependencies:
    "@inquirer/core": "npm:^10.1.15"
    "@inquirer/type": "npm:^3.0.8"
  peerDependencies:
    "@types/node": ">=18"
  peerDependenciesMeta:
    "@types/node":
      optional: true
  checksum: 10c0/f77efe93c4c8e3efdc58a92d184468f20c351846cc89f5def40cdcb851e8800719b4834d811bddb196d38a0a679c06ad5d33ce91e68266b4a955230ce55dfa52
  languageName: node
  linkType: hard

"@inquirer/password@npm:^4.0.17":
  version: 4.0.17
  resolution: "@inquirer/password@npm:4.0.17"
  dependencies:
    "@inquirer/core": "npm:^10.1.15"
    "@inquirer/type": "npm:^3.0.8"
    ansi-escapes: "npm:^4.3.2"
  peerDependencies:
    "@types/node": ">=18"
  peerDependenciesMeta:
    "@types/node":
      optional: true
  checksum: 10c0/7b2773bb11ecdb2ba984daf6a089e7046ecdfa09a6ad69cd41e3eb87cbeb57c5cc4f6ae17ad9ca817457ea5babac622bf7ffbdc7013c930bb95d56a8b479f3ff
  languageName: node
  linkType: hard

"@inquirer/prompts@npm:^7.4.0":
  version: 7.7.1
  resolution: "@inquirer/prompts@npm:7.7.1"
  dependencies:
    "@inquirer/checkbox": "npm:^4.2.0"
    "@inquirer/confirm": "npm:^5.1.14"
    "@inquirer/editor": "npm:^4.2.15"
    "@inquirer/expand": "npm:^4.0.17"
    "@inquirer/input": "npm:^4.2.1"
    "@inquirer/number": "npm:^3.0.17"
    "@inquirer/password": "npm:^4.0.17"
    "@inquirer/rawlist": "npm:^4.1.5"
    "@inquirer/search": "npm:^3.0.17"
    "@inquirer/select": "npm:^4.3.1"
  peerDependencies:
    "@types/node": ">=18"
  peerDependenciesMeta:
    "@types/node":
      optional: true
  checksum: 10c0/7489a7d5b243c1c6c889e472d1779d838ede414ee766ad5878dc8e99dfa931ca9dac4652ba991e619b5efb4343db39bf7891f753cf17bc638427b05c650f01fd
  languageName: node
  linkType: hard

"@inquirer/rawlist@npm:^4.1.5":
  version: 4.1.5
  resolution: "@inquirer/rawlist@npm:4.1.5"
  dependencies:
    "@inquirer/core": "npm:^10.1.15"
    "@inquirer/type": "npm:^3.0.8"
    yoctocolors-cjs: "npm:^2.1.2"
  peerDependencies:
    "@types/node": ">=18"
  peerDependenciesMeta:
    "@types/node":
      optional: true
  checksum: 10c0/6eed0f8a4d223bbc4f8f1b6d21e3f0ca1d6398ea782924346b726ff945b9bcb30a1f3a4f3a910ad7a546a4c11a3f3ff1fa047856a388de1dc29190907f58db55
  languageName: node
  linkType: hard

"@inquirer/search@npm:^3.0.17":
  version: 3.0.17
  resolution: "@inquirer/search@npm:3.0.17"
  dependencies:
    "@inquirer/core": "npm:^10.1.15"
    "@inquirer/figures": "npm:^1.0.13"
    "@inquirer/type": "npm:^3.0.8"
    yoctocolors-cjs: "npm:^2.1.2"
  peerDependencies:
    "@types/node": ">=18"
  peerDependenciesMeta:
    "@types/node":
      optional: true
  checksum: 10c0/85c1d06a604d20c8d76288ec82f318e2f3907994dbe56dabf043eabf19185ee19807e3ec7d8e750bc25540832e9f60f42986799b04acac650dae5c4129fb1aa8
  languageName: node
  linkType: hard

"@inquirer/select@npm:^4.3.1":
  version: 4.3.1
  resolution: "@inquirer/select@npm:4.3.1"
  dependencies:
    "@inquirer/core": "npm:^10.1.15"
    "@inquirer/figures": "npm:^1.0.13"
    "@inquirer/type": "npm:^3.0.8"
    ansi-escapes: "npm:^4.3.2"
    yoctocolors-cjs: "npm:^2.1.2"
  peerDependencies:
    "@types/node": ">=18"
  peerDependenciesMeta:
    "@types/node":
      optional: true
  checksum: 10c0/febce759b99548eddea02d72611e9302b10d6b3d2cb44c18f7597b79ab96c8373ba775636b2a764f57be13d08da3364ad48c3105884f19082ea75eade69806dd
  languageName: node
  linkType: hard

"@inquirer/type@npm:^3.0.8":
  version: 3.0.8
  resolution: "@inquirer/type@npm:3.0.8"
  peerDependencies:
    "@types/node": ">=18"
  peerDependenciesMeta:
    "@types/node":
      optional: true
  checksum: 10c0/1171bffb9ea0018b12ec4f46a7b485f7e2a328e620e89f3b03f2be8c25889e5b9e62daca3ea10ed040a71d847066c4d9879dc1fea8aa5690ebbc968d3254a5ac
  languageName: node
  linkType: hard

"@mdpdf/mdpdf@workspace:.":
  version: 0.0.0-use.local
  resolution: "@mdpdf/mdpdf@workspace:."
  dependencies:
    "@napi-rs/cli": "npm:3.0.3"
    "@types/node": "npm:^24.1.0"
    prettier: "npm:^3.6.2"
    typescript: "npm:^5.8.3"
  languageName: unknown
  linkType: soft

"@napi-rs/cli@npm:3.0.3":
  version: 3.0.3
  resolution: "@napi-rs/cli@npm:3.0.3"
  dependencies:
    "@inquirer/prompts": "npm:^7.4.0"
    "@napi-rs/cross-toolchain": "npm:^1.0.0"
    "@napi-rs/wasm-tools": "npm:^1.0.0"
    "@octokit/rest": "npm:^22.0.0"
    clipanion: "npm:^4.0.0-rc.4"
    colorette: "npm:^2.0.20"
    debug: "npm:^4.4.0"
    emnapi: "npm:^1.4.0"
    find-up: "npm:^7.0.0"
    js-yaml: "npm:^4.1.0"
    lodash-es: "npm:^4.17.21"
    semver: "npm:^7.7.1"
    typanion: "npm:^3.14.0"
    wasm-sjlj: "npm:^1.0.6"
  peerDependencies:
    "@emnapi/runtime": ^1.1.0
    emnapi: ^1.1.0
  peerDependenciesMeta:
    "@emnapi/runtime":
      optional: true
    emnapi:
      optional: true
  bin:
    napi: ./dist/cli.js
    napi-raw: ./cli.mjs
  checksum: 10c0/88909b70d995e70bf1541ec207099ba99924db7aa430df76e217331abedc41b5a69bac11482c715337734e6b260716acbf2a5d676d27bbd93d76cad3c825cd30
  languageName: node
  linkType: hard

"@napi-rs/cross-toolchain@npm:^1.0.0":
  version: 1.0.0
  resolution: "@napi-rs/cross-toolchain@npm:1.0.0"
  dependencies:
    "@napi-rs/lzma": "npm:^1.4.3"
    "@napi-rs/tar": "npm:^1.0.0"
    debug: "npm:^4.4.1"
  peerDependencies:
    "@napi-rs/cross-toolchain-arm64-target-aarch64": ^1.0.0
    "@napi-rs/cross-toolchain-arm64-target-armv7": ^1.0.0
    "@napi-rs/cross-toolchain-arm64-target-x86_64": ^1.0.0
    "@napi-rs/cross-toolchain-x64-target-aarch64": ^1.0.0
    "@napi-rs/cross-toolchain-x64-target-armv7": ^1.0.0
    "@napi-rs/cross-toolchain-x64-target-x86_64": ^1.0.0
  peerDependenciesMeta:
    "@napi-rs/cross-toolchain-arm64-target-aarch64":
      optional: true
    "@napi-rs/cross-toolchain-arm64-target-armv7":
      optional: true
    "@napi-rs/cross-toolchain-arm64-target-x86_64":
      optional: true
    "@napi-rs/cross-toolchain-x64-target-aarch64":
      optional: true
    "@napi-rs/cross-toolchain-x64-target-armv7":
      optional: true
    "@napi-rs/cross-toolchain-x64-target-x86_64":
      optional: true
  checksum: 10c0/ad9ef89642ce21bfc80847bed9c070d6b711759ecc7a3a2263039714559d105266e3278ed0464a4f7977e80b41d7af11bc265740889638c394fc69be4a0222f8
  languageName: node
  linkType: hard

"@napi-rs/lzma-android-arm-eabi@npm:1.4.4":
  version: 1.4.4
  resolution: "@napi-rs/lzma-android-arm-eabi@npm:1.4.4"
  conditions: os=android & cpu=arm
  languageName: node
  linkType: hard

"@napi-rs/lzma-android-arm64@npm:1.4.4":
  version: 1.4.4
  resolution: "@napi-rs/lzma-android-arm64@npm:1.4.4"
  conditions: os=android & cpu=arm64
  languageName: node
  linkType: hard

"@napi-rs/lzma-darwin-arm64@npm:1.4.4":
  version: 1.4.4
  resolution: "@napi-rs/lzma-darwin-arm64@npm:1.4.4"
  conditions: os=darwin & cpu=arm64
  languageName: node
  linkType: hard

"@napi-rs/lzma-darwin-x64@npm:1.4.4":
  version: 1.4.4
  resolution: "@napi-rs/lzma-darwin-x64@npm:1.4.4"
  conditions: os=darwin & cpu=x64
  languageName: node
  linkType: hard

"@napi-rs/lzma-freebsd-x64@npm:1.4.4":
  version: 1.4.4
  resolution: "@napi-rs/lzma-freebsd-x64@npm:1.4.4"
  conditions: os=freebsd & cpu=x64
  languageName: node
  linkType: hard

"@napi-rs/lzma-linux-arm-gnueabihf@npm:1.4.4":
  version: 1.4.4
  resolution: "@napi-rs/lzma-linux-arm-gnueabihf@npm:1.4.4"
  conditions: os=linux & cpu=arm
  languageName: node
  linkType: hard

"@napi-rs/lzma-linux-arm64-gnu@npm:1.4.4":
  version: 1.4.4
  resolution: "@napi-rs/lzma-linux-arm64-gnu@npm:1.4.4"
  conditions: os=linux & cpu=arm64 & libc=glibc
  languageName: node
  linkType: hard

"@napi-rs/lzma-linux-arm64-musl@npm:1.4.4":
  version: 1.4.4
  resolution: "@napi-rs/lzma-linux-arm64-musl@npm:1.4.4"
  conditions: os=linux & cpu=arm64 & libc=musl
  languageName: node
  linkType: hard

"@napi-rs/lzma-linux-ppc64-gnu@npm:1.4.4":
  version: 1.4.4
  resolution: "@napi-rs/lzma-linux-ppc64-gnu@npm:1.4.4"
  conditions: os=linux & cpu=ppc64 & libc=glibc
  languageName: node
  linkType: hard

"@napi-rs/lzma-linux-riscv64-gnu@npm:1.4.4":
  version: 1.4.4
  resolution: "@napi-rs/lzma-linux-riscv64-gnu@npm:1.4.4"
  conditions: os=linux & cpu=riscv64 & libc=glibc
  languageName: node
  linkType: hard

"@napi-rs/lzma-linux-s390x-gnu@npm:1.4.4":
  version: 1.4.4
  resolution: "@napi-rs/lzma-linux-s390x-gnu@npm:1.4.4"
  conditions: os=linux & cpu=s390x & libc=glibc
  languageName: node
  linkType: hard

"@napi-rs/lzma-linux-x64-gnu@npm:1.4.4":
  version: 1.4.4
  resolution: "@napi-rs/lzma-linux-x64-gnu@npm:1.4.4"
  conditions: os=linux & cpu=x64 & libc=glibc
  languageName: node
  linkType: hard

"@napi-rs/lzma-linux-x64-musl@npm:1.4.4":
  version: 1.4.4
  resolution: "@napi-rs/lzma-linux-x64-musl@npm:1.4.4"
  conditions: os=linux & cpu=x64 & libc=musl
  languageName: node
  linkType: hard

"@napi-rs/lzma-wasm32-wasi@npm:1.4.4":
  version: 1.4.4
  resolution: "@napi-rs/lzma-wasm32-wasi@npm:1.4.4"
  dependencies:
    "@napi-rs/wasm-runtime": "npm:^1.0.1"
  conditions: cpu=wasm32
  languageName: node
  linkType: hard

"@napi-rs/lzma-win32-arm64-msvc@npm:1.4.4":
  version: 1.4.4
  resolution: "@napi-rs/lzma-win32-arm64-msvc@npm:1.4.4"
  conditions: os=win32 & cpu=arm64
  languageName: node
  linkType: hard

"@napi-rs/lzma-win32-ia32-msvc@npm:1.4.4":
  version: 1.4.4
  resolution: "@napi-rs/lzma-win32-ia32-msvc@npm:1.4.4"
  conditions: os=win32 & cpu=ia32
  languageName: node
  linkType: hard

"@napi-rs/lzma-win32-x64-msvc@npm:1.4.4":
  version: 1.4.4
  resolution: "@napi-rs/lzma-win32-x64-msvc@npm:1.4.4"
  conditions: os=win32 & cpu=x64
  languageName: node
  linkType: hard

"@napi-rs/lzma@npm:^1.4.3":
  version: 1.4.4
  resolution: "@napi-rs/lzma@npm:1.4.4"
  dependencies:
    "@napi-rs/lzma-android-arm-eabi": "npm:1.4.4"
    "@napi-rs/lzma-android-arm64": "npm:1.4.4"
    "@napi-rs/lzma-darwin-arm64": "npm:1.4.4"
    "@napi-rs/lzma-darwin-x64": "npm:1.4.4"
    "@napi-rs/lzma-freebsd-x64": "npm:1.4.4"
    "@napi-rs/lzma-linux-arm-gnueabihf": "npm:1.4.4"
    "@napi-rs/lzma-linux-arm64-gnu": "npm:1.4.4"
    "@napi-rs/lzma-linux-arm64-musl": "npm:1.4.4"
    "@napi-rs/lzma-linux-ppc64-gnu": "npm:1.4.4"
    "@napi-rs/lzma-linux-riscv64-gnu": "npm:1.4.4"
    "@napi-rs/lzma-linux-s390x-gnu": "npm:1.4.4"
    "@napi-rs/lzma-linux-x64-gnu": "npm:1.4.4"
    "@napi-rs/lzma-linux-x64-musl": "npm:1.4.4"
    "@napi-rs/lzma-wasm32-wasi": "npm:1.4.4"
    "@napi-rs/lzma-win32-arm64-msvc": "npm:1.4.4"
    "@napi-rs/lzma-win32-ia32-msvc": "npm:1.4.4"
    "@napi-rs/lzma-win32-x64-msvc": "npm:1.4.4"
  dependenciesMeta:
    "@napi-rs/lzma-android-arm-eabi":
      optional: true
    "@napi-rs/lzma-android-arm64":
      optional: true
    "@napi-rs/lzma-darwin-arm64":
      optional: true
    "@napi-rs/lzma-darwin-x64":
      optional: true
    "@napi-rs/lzma-freebsd-x64":
      optional: true
    "@napi-rs/lzma-linux-arm-gnueabihf":
      optional: true
    "@napi-rs/lzma-linux-arm64-gnu":
      optional: true
    "@napi-rs/lzma-linux-arm64-musl":
      optional: true
    "@napi-rs/lzma-linux-ppc64-gnu":
      optional: true
    "@napi-rs/lzma-linux-riscv64-gnu":
      optional: true
    "@napi-rs/lzma-linux-s390x-gnu":
      optional: true
    "@napi-rs/lzma-linux-x64-gnu":
      optional: true
    "@napi-rs/lzma-linux-x64-musl":
      optional: true
    "@napi-rs/lzma-wasm32-wasi":
      optional: true
    "@napi-rs/lzma-win32-arm64-msvc":
      optional: true
    "@napi-rs/lzma-win32-ia32-msvc":
      optional: true
    "@napi-rs/lzma-win32-x64-msvc":
      optional: true
  checksum: 10c0/e74d5d03a2edfd2a90ca90d97f746b200f28abca8960bc834c6063fe81fa26c826ce9a2224c68abfdb2190d8a873e03dc9126b7b5a5aa560843b00044602a89b
  languageName: node
  linkType: hard

"@napi-rs/tar-android-arm-eabi@npm:1.0.0":
  version: 1.0.0
  resolution: "@napi-rs/tar-android-arm-eabi@npm:1.0.0"
  conditions: os=android & cpu=arm
  languageName: node
  linkType: hard

"@napi-rs/tar-android-arm64@npm:1.0.0":
  version: 1.0.0
  resolution: "@napi-rs/tar-android-arm64@npm:1.0.0"
  conditions: os=android & cpu=arm64
  languageName: node
  linkType: hard

"@napi-rs/tar-darwin-arm64@npm:1.0.0":
  version: 1.0.0
  resolution: "@napi-rs/tar-darwin-arm64@npm:1.0.0"
  conditions: os=darwin & cpu=arm64
  languageName: node
  linkType: hard

"@napi-rs/tar-darwin-x64@npm:1.0.0":
  version: 1.0.0
  resolution: "@napi-rs/tar-darwin-x64@npm:1.0.0"
  conditions: os=darwin & cpu=x64
  languageName: node
  linkType: hard

"@napi-rs/tar-freebsd-x64@npm:1.0.0":
  version: 1.0.0
  resolution: "@napi-rs/tar-freebsd-x64@npm:1.0.0"
  conditions: os=freebsd & cpu=x64
  languageName: node
  linkType: hard

"@napi-rs/tar-linux-arm-gnueabihf@npm:1.0.0":
  version: 1.0.0
  resolution: "@napi-rs/tar-linux-arm-gnueabihf@npm:1.0.0"
  conditions: os=linux & cpu=arm
  languageName: node
  linkType: hard

"@napi-rs/tar-linux-arm64-gnu@npm:1.0.0":
  version: 1.0.0
  resolution: "@napi-rs/tar-linux-arm64-gnu@npm:1.0.0"
  conditions: os=linux & cpu=arm64 & libc=glibc
  languageName: node
  linkType: hard

"@napi-rs/tar-linux-arm64-musl@npm:1.0.0":
  version: 1.0.0
  resolution: "@napi-rs/tar-linux-arm64-musl@npm:1.0.0"
  conditions: os=linux & cpu=arm64 & libc=musl
  languageName: node
  linkType: hard

"@napi-rs/tar-linux-ppc64-gnu@npm:1.0.0":
  version: 1.0.0
  resolution: "@napi-rs/tar-linux-ppc64-gnu@npm:1.0.0"
  conditions: os=linux & cpu=ppc64 & libc=glibc
  languageName: node
  linkType: hard

"@napi-rs/tar-linux-s390x-gnu@npm:1.0.0":
  version: 1.0.0
  resolution: "@napi-rs/tar-linux-s390x-gnu@npm:1.0.0"
  conditions: os=linux & cpu=s390x & libc=glibc
  languageName: node
  linkType: hard

"@napi-rs/tar-linux-x64-gnu@npm:1.0.0":
  version: 1.0.0
  resolution: "@napi-rs/tar-linux-x64-gnu@npm:1.0.0"
  conditions: os=linux & cpu=x64 & libc=glibc
  languageName: node
  linkType: hard

"@napi-rs/tar-linux-x64-musl@npm:1.0.0":
  version: 1.0.0
  resolution: "@napi-rs/tar-linux-x64-musl@npm:1.0.0"
  conditions: os=linux & cpu=x64 & libc=musl
  languageName: node
  linkType: hard

"@napi-rs/tar-wasm32-wasi@npm:1.0.0":
  version: 1.0.0
  resolution: "@napi-rs/tar-wasm32-wasi@npm:1.0.0"
  dependencies:
    "@napi-rs/wasm-runtime": "npm:^1.0.1"
  conditions: cpu=wasm32
  languageName: node
  linkType: hard

"@napi-rs/tar-win32-arm64-msvc@npm:1.0.0":
  version: 1.0.0
  resolution: "@napi-rs/tar-win32-arm64-msvc@npm:1.0.0"
  conditions: os=win32 & cpu=arm64
  languageName: node
  linkType: hard

"@napi-rs/tar-win32-ia32-msvc@npm:1.0.0":
  version: 1.0.0
  resolution: "@napi-rs/tar-win32-ia32-msvc@npm:1.0.0"
  conditions: os=win32 & cpu=ia32
  languageName: node
  linkType: hard

"@napi-rs/tar-win32-x64-msvc@npm:1.0.0":
  version: 1.0.0
  resolution: "@napi-rs/tar-win32-x64-msvc@npm:1.0.0"
  conditions: os=win32 & cpu=x64
  languageName: node
  linkType: hard

"@napi-rs/tar@npm:^1.0.0":
  version: 1.0.0
  resolution: "@napi-rs/tar@npm:1.0.0"
  dependencies:
    "@napi-rs/tar-android-arm-eabi": "npm:1.0.0"
    "@napi-rs/tar-android-arm64": "npm:1.0.0"
    "@napi-rs/tar-darwin-arm64": "npm:1.0.0"
    "@napi-rs/tar-darwin-x64": "npm:1.0.0"
    "@napi-rs/tar-freebsd-x64": "npm:1.0.0"
    "@napi-rs/tar-linux-arm-gnueabihf": "npm:1.0.0"
    "@napi-rs/tar-linux-arm64-gnu": "npm:1.0.0"
    "@napi-rs/tar-linux-arm64-musl": "npm:1.0.0"
    "@napi-rs/tar-linux-ppc64-gnu": "npm:1.0.0"
    "@napi-rs/tar-linux-s390x-gnu": "npm:1.0.0"
    "@napi-rs/tar-linux-x64-gnu": "npm:1.0.0"
    "@napi-rs/tar-linux-x64-musl": "npm:1.0.0"
    "@napi-rs/tar-wasm32-wasi": "npm:1.0.0"
    "@napi-rs/tar-win32-arm64-msvc": "npm:1.0.0"
    "@napi-rs/tar-win32-ia32-msvc": "npm:1.0.0"
    "@napi-rs/tar-win32-x64-msvc": "npm:1.0.0"
  dependenciesMeta:
    "@napi-rs/tar-android-arm-eabi":
      optional: true
    "@napi-rs/tar-android-arm64":
      optional: true
    "@napi-rs/tar-darwin-arm64":
      optional: true
    "@napi-rs/tar-darwin-x64":
      optional: true
    "@napi-rs/tar-freebsd-x64":
      optional: true
    "@napi-rs/tar-linux-arm-gnueabihf":
      optional: true
    "@napi-rs/tar-linux-arm64-gnu":
      optional: true
    "@napi-rs/tar-linux-arm64-musl":
      optional: true
    "@napi-rs/tar-linux-ppc64-gnu":
      optional: true
    "@napi-rs/tar-linux-s390x-gnu":
      optional: true
    "@napi-rs/tar-linux-x64-gnu":
      optional: true
    "@napi-rs/tar-linux-x64-musl":
      optional: true
    "@napi-rs/tar-wasm32-wasi":
      optional: true
    "@napi-rs/tar-win32-arm64-msvc":
      optional: true
    "@napi-rs/tar-win32-ia32-msvc":
      optional: true
    "@napi-rs/tar-win32-x64-msvc":
      optional: true
  checksum: 10c0/d8c07baa13c813230f75f452845726f51d7a48072c389c1c1145f0b2b9679bb71a771d500489678c9f0f52dd8566f49cf7187e8b57429b2003d3047825225ef4
  languageName: node
  linkType: hard

"@napi-rs/wasm-runtime@npm:^1.0.1":
  version: 1.0.1
  resolution: "@napi-rs/wasm-runtime@npm:1.0.1"
  dependencies:
    "@emnapi/core": "npm:^1.4.5"
    "@emnapi/runtime": "npm:^1.4.5"
    "@tybys/wasm-util": "npm:^0.10.0"
  checksum: 10c0/3244105b75637d8d39e76782921fe46e48105bcd390db01a10dc7b596ee99af0f06b7f2b841d7632e756bd3220a5d595b9d426a5453da1ccc895900b894d098f
  languageName: node
  linkType: hard

"@napi-rs/wasm-tools-android-arm-eabi@npm:1.0.0":
  version: 1.0.0
  resolution: "@napi-rs/wasm-tools-android-arm-eabi@npm:1.0.0"
  conditions: os=android & cpu=arm
  languageName: node
  linkType: hard

"@napi-rs/wasm-tools-android-arm64@npm:1.0.0":
  version: 1.0.0
  resolution: "@napi-rs/wasm-tools-android-arm64@npm:1.0.0"
  conditions: os=android & cpu=arm64
  languageName: node
  linkType: hard

"@napi-rs/wasm-tools-darwin-arm64@npm:1.0.0":
  version: 1.0.0
  resolution: "@napi-rs/wasm-tools-darwin-arm64@npm:1.0.0"
  conditions: os=darwin & cpu=arm64
  languageName: node
  linkType: hard

"@napi-rs/wasm-tools-darwin-x64@npm:1.0.0":
  version: 1.0.0
  resolution: "@napi-rs/wasm-tools-darwin-x64@npm:1.0.0"
  conditions: os=darwin & cpu=x64
  languageName: node
  linkType: hard

"@napi-rs/wasm-tools-freebsd-x64@npm:1.0.0":
  version: 1.0.0
  resolution: "@napi-rs/wasm-tools-freebsd-x64@npm:1.0.0"
  conditions: os=freebsd & cpu=x64
  languageName: node
  linkType: hard

"@napi-rs/wasm-tools-linux-arm64-gnu@npm:1.0.0":
  version: 1.0.0
  resolution: "@napi-rs/wasm-tools-linux-arm64-gnu@npm:1.0.0"
  conditions: os=linux & cpu=arm64 & libc=glibc
  languageName: node
  linkType: hard

"@napi-rs/wasm-tools-linux-arm64-musl@npm:1.0.0":
  version: 1.0.0
  resolution: "@napi-rs/wasm-tools-linux-arm64-musl@npm:1.0.0"
  conditions: os=linux & cpu=arm64 & libc=musl
  languageName: node
  linkType: hard

"@napi-rs/wasm-tools-linux-x64-gnu@npm:1.0.0":
  version: 1.0.0
  resolution: "@napi-rs/wasm-tools-linux-x64-gnu@npm:1.0.0"
  conditions: os=linux & cpu=x64 & libc=glibc
  languageName: node
  linkType: hard

"@napi-rs/wasm-tools-linux-x64-musl@npm:1.0.0":
  version: 1.0.0
  resolution: "@napi-rs/wasm-tools-linux-x64-musl@npm:1.0.0"
  conditions: os=linux & cpu=x64 & libc=musl
  languageName: node
  linkType: hard

"@napi-rs/wasm-tools-wasm32-wasi@npm:1.0.0":
  version: 1.0.0
  resolution: "@napi-rs/wasm-tools-wasm32-wasi@npm:1.0.0"
  dependencies:
    "@napi-rs/wasm-runtime": "npm:^1.0.1"
  conditions: cpu=wasm32
  languageName: node
  linkType: hard

"@napi-rs/wasm-tools-win32-arm64-msvc@npm:1.0.0":
  version: 1.0.0
  resolution: "@napi-rs/wasm-tools-win32-arm64-msvc@npm:1.0.0"
  conditions: os=win32 & cpu=arm64
  languageName: node
  linkType: hard

"@napi-rs/wasm-tools-win32-ia32-msvc@npm:1.0.0":
  version: 1.0.0
  resolution: "@napi-rs/wasm-tools-win32-ia32-msvc@npm:1.0.0"
  conditions: os=win32 & cpu=ia32
  languageName: node
  linkType: hard

"@napi-rs/wasm-tools-win32-x64-msvc@npm:1.0.0":
  version: 1.0.0
  resolution: "@napi-rs/wasm-tools-win32-x64-msvc@npm:1.0.0"
  conditions: os=win32 & cpu=x64
  languageName: node
  linkType: hard

"@napi-rs/wasm-tools@npm:^1.0.0":
  version: 1.0.0
  resolution: "@napi-rs/wasm-tools@npm:1.0.0"
  dependencies:
    "@napi-rs/wasm-tools-android-arm-eabi": "npm:1.0.0"
    "@napi-rs/wasm-tools-android-arm64": "npm:1.0.0"
    "@napi-rs/wasm-tools-darwin-arm64": "npm:1.0.0"
    "@napi-rs/wasm-tools-darwin-x64": "npm:1.0.0"
    "@napi-rs/wasm-tools-freebsd-x64": "npm:1.0.0"
    "@napi-rs/wasm-tools-linux-arm64-gnu": "npm:1.0.0"
    "@napi-rs/wasm-tools-linux-arm64-musl": "npm:1.0.0"
    "@napi-rs/wasm-tools-linux-x64-gnu": "npm:1.0.0"
    "@napi-rs/wasm-tools-linux-x64-musl": "npm:1.0.0"
    "@napi-rs/wasm-tools-wasm32-wasi": "npm:1.0.0"
    "@napi-rs/wasm-tools-win32-arm64-msvc": "npm:1.0.0"
    "@napi-rs/wasm-tools-win32-ia32-msvc": "npm:1.0.0"
    "@napi-rs/wasm-tools-win32-x64-msvc": "npm:1.0.0"
  dependenciesMeta:
    "@napi-rs/wasm-tools-android-arm-eabi":
      optional: true
    "@napi-rs/wasm-tools-android-arm64":
      optional: true
    "@napi-rs/wasm-tools-darwin-arm64":
      optional: true
    "@napi-rs/wasm-tools-darwin-x64":
      optional: true
    "@napi-rs/wasm-tools-freebsd-x64":
      optional: true
    "@napi-rs/wasm-tools-linux-arm64-gnu":
      optional: true
    "@napi-rs/wasm-tools-linux-arm64-musl":
      optional: true
    "@napi-rs/wasm-tools-linux-x64-gnu":
      optional: true
    "@napi-rs/wasm-tools-linux-x64-musl":
      optional: true
    "@napi-rs/wasm-tools-wasm32-wasi":
      optional: true
    "@napi-rs/wasm-tools-win32-arm64-msvc":
      optional: true
    "@napi-rs/wasm-tools-win32-ia32-msvc":
      optional: true
    "@napi-rs/wasm-tools-win32-x64-msvc":
      optional: true
  checksum: 10c0/74bec20304baba0f21a884b7c78511d03e13c81b73b2a2ce8d655d5111860227238f0627d18f0e36ec2e9d777bc3832cd3aa1dd7f68504ffbc07d878b5649670
  languageName: node
  linkType: hard

"@octokit/auth-token@npm:^6.0.0":
  version: 6.0.0
  resolution: "@octokit/auth-token@npm:6.0.0"
  checksum: 10c0/32ecc904c5f6f4e5d090bfcc679d70318690c0a0b5040cd9a25811ad9dcd44c33f2cf96b6dbee1cd56cf58fde28fb1819c01b58718aa5c971f79c822357cb5c0
  languageName: node
  linkType: hard

"@octokit/core@npm:^7.0.2":
  version: 7.0.3
  resolution: "@octokit/core@npm:7.0.3"
  dependencies:
    "@octokit/auth-token": "npm:^6.0.0"
    "@octokit/graphql": "npm:^9.0.1"
    "@octokit/request": "npm:^10.0.2"
    "@octokit/request-error": "npm:^7.0.0"
    "@octokit/types": "npm:^14.0.0"
    before-after-hook: "npm:^4.0.0"
    universal-user-agent: "npm:^7.0.0"
  checksum: 10c0/51427b4c3337e15b394d60277b673c5628a72d245a23b1a446e4249d15e37983fa01d09f10c8ab281207e024929f4d2f6cc27a4d345ec0ece2df78d42586d846
  languageName: node
  linkType: hard

"@octokit/endpoint@npm:^11.0.0":
  version: 11.0.0
  resolution: "@octokit/endpoint@npm:11.0.0"
  dependencies:
    "@octokit/types": "npm:^14.0.0"
    universal-user-agent: "npm:^7.0.2"
  checksum: 10c0/ba929128af5327393fdb3a31f416277ae3036a44566d35955a4eddd484a15b5ddc6abe219a56355f3313c7197d59f4e8bf574a4f0a8680bc1c8725b88433d391
  languageName: node
  linkType: hard

"@octokit/graphql@npm:^9.0.1":
  version: 9.0.1
  resolution: "@octokit/graphql@npm:9.0.1"
  dependencies:
    "@octokit/request": "npm:^10.0.2"
    "@octokit/types": "npm:^14.0.0"
    universal-user-agent: "npm:^7.0.0"
  checksum: 10c0/d80ec923b7624e8a7c84430a287ff18da3c77058e3166ce8e9a67950af00e88767f85d973b4032fc837b67b72d02b323aff2d8f7eeae1ae463bde1a51ddcb83d
  languageName: node
  linkType: hard

"@octokit/openapi-types@npm:^25.1.0":
  version: 25.1.0
  resolution: "@octokit/openapi-types@npm:25.1.0"
  checksum: 10c0/b5b1293b11c6ec7112c7a2713f8507c2696d5db8902ce893b594080ab0329f5a6fcda1b5ac6fe6eed9425e897f4d03326c1bdf5c337e35d324e7b925e52a2661
  languageName: node
  linkType: hard

"@octokit/plugin-paginate-rest@npm:^13.0.1":
  version: 13.1.1
  resolution: "@octokit/plugin-paginate-rest@npm:13.1.1"
  dependencies:
    "@octokit/types": "npm:^14.1.0"
  peerDependencies:
    "@octokit/core": ">=6"
  checksum: 10c0/88d80608881df88f8e832856e9279ac1c1af30ced9adb7c847f4d120b4bb308c2ab9d791ffd4c9585759e57a938798b4c3f2f988a389f2d78a61aaaebc36ffa7
  languageName: node
  linkType: hard

"@octokit/plugin-request-log@npm:^6.0.0":
  version: 6.0.0
  resolution: "@octokit/plugin-request-log@npm:6.0.0"
  peerDependencies:
    "@octokit/core": ">=6"
  checksum: 10c0/40e46ad0c77235742d0bf698ab4e17df1ae06e0d7824ffc5867ed71e27de860875adb73d89629b823fe8647459a8f262c26ed1aa6ee374873fa94095f37df0bb
  languageName: node
  linkType: hard

"@octokit/plugin-rest-endpoint-methods@npm:^16.0.0":
  version: 16.0.0
  resolution: "@octokit/plugin-rest-endpoint-methods@npm:16.0.0"
  dependencies:
    "@octokit/types": "npm:^14.1.0"
  peerDependencies:
    "@octokit/core": ">=6"
  checksum: 10c0/6cfe068dbd550bd5914374e65b89482b9deac29f6c26bf02ab6298e956d95b62fc15a2a49dfc6ff76f5938c6ff7fdfe5b7eccdb7551eaff8b1daf7394bc946cb
  languageName: node
  linkType: hard

"@octokit/request-error@npm:^7.0.0":
  version: 7.0.0
  resolution: "@octokit/request-error@npm:7.0.0"
  dependencies:
    "@octokit/types": "npm:^14.0.0"
  checksum: 10c0/e52bdd832a0187d66b20da5716c374d028f63d824908a9e16cad462754324083839b11cf6956e1d23f6112d3c77f17334ebbd80f49d56840b2b03ed9abef8cb0
  languageName: node
  linkType: hard

"@octokit/request@npm:^10.0.2":
  version: 10.0.3
  resolution: "@octokit/request@npm:10.0.3"
  dependencies:
    "@octokit/endpoint": "npm:^11.0.0"
    "@octokit/request-error": "npm:^7.0.0"
    "@octokit/types": "npm:^14.0.0"
    fast-content-type-parse: "npm:^3.0.0"
    universal-user-agent: "npm:^7.0.2"
  checksum: 10c0/2d9b2134390ef3aa9fe0c5e659fe93dd94fbabc4dcc6da6e16998dc84b5bda200e6b7a4e178f567883d0ba99c0ea5a6d095a417d86d76854569196c39d2f9a6d
  languageName: node
  linkType: hard

"@octokit/rest@npm:^22.0.0":
  version: 22.0.0
  resolution: "@octokit/rest@npm:22.0.0"
  dependencies:
    "@octokit/core": "npm:^7.0.2"
    "@octokit/plugin-paginate-rest": "npm:^13.0.1"
    "@octokit/plugin-request-log": "npm:^6.0.0"
    "@octokit/plugin-rest-endpoint-methods": "npm:^16.0.0"
  checksum: 10c0/aea3714301f43fbadb22048045a7aef417cdefa997d1baf0b26860eaa9038fb033f7d4299eab06af57a03433871084cf38144fc5414caf80accce714e76d34e2
  languageName: node
  linkType: hard

"@octokit/types@npm:^14.0.0, @octokit/types@npm:^14.1.0":
  version: 14.1.0
  resolution: "@octokit/types@npm:14.1.0"
  dependencies:
    "@octokit/openapi-types": "npm:^25.1.0"
  checksum: 10c0/4640a6c0a95386be4d015b96c3a906756ea657f7df3c6e706d19fea6bf3ac44fd2991c8c817afe1e670ff9042b85b0e06f7fd373f6bbd47da64208701bb46d5b
  languageName: node
  linkType: hard

"@tybys/wasm-util@npm:^0.10.0":
  version: 0.10.0
  resolution: "@tybys/wasm-util@npm:0.10.0"
  dependencies:
    tslib: "npm:^2.4.0"
  checksum: 10c0/044feba55c1e2af703aa4946139969badb183ce1a659a75ed60bc195a90e73a3f3fc53bcd643497c9954597763ddb051fec62f80962b2ca6fc716ba897dc696e
  languageName: node
  linkType: hard

"@types/node@npm:^24.1.0":
  version: 24.1.0
  resolution: "@types/node@npm:24.1.0"
  dependencies:
    undici-types: "npm:~7.8.0"
  checksum: 10c0/6c4686bc144f6ce7bffd4cadc3e1196e2217c1da4c639c637213719c8a3ee58b6c596b994befcbffeacd9d9eb0c3bff6529d2bc27da5d1cb9d58b1da0056f9f4
  languageName: node
  linkType: hard

"ansi-escapes@npm:^4.3.2":
  version: 4.3.2
  resolution: "ansi-escapes@npm:4.3.2"
  dependencies:
    type-fest: "npm:^0.21.3"
  checksum: 10c0/da917be01871525a3dfcf925ae2977bc59e8c513d4423368645634bf5d4ceba5401574eb705c1e92b79f7292af5a656f78c5725a4b0e1cec97c4b413705c1d50
  languageName: node
  linkType: hard

"ansi-regex@npm:^5.0.1":
  version: 5.0.1
  resolution: "ansi-regex@npm:5.0.1"
  checksum: 10c0/9a64bb8627b434ba9327b60c027742e5d17ac69277960d041898596271d992d4d52ba7267a63ca10232e29f6107fc8a835f6ce8d719b88c5f8493f8254813737
  languageName: node
  linkType: hard

"ansi-styles@npm:^4.0.0":
  version: 4.3.0
  resolution: "ansi-styles@npm:4.3.0"
  dependencies:
    color-convert: "npm:^2.0.1"
  checksum: 10c0/895a23929da416f2bd3de7e9cb4eabd340949328ab85ddd6e484a637d8f6820d485f53933446f5291c3b760cbc488beb8e88573dd0f9c7daf83dccc8fe81b041
  languageName: node
  linkType: hard

"argparse@npm:^2.0.1":
  version: 2.0.1
  resolution: "argparse@npm:2.0.1"
  checksum: 10c0/c5640c2d89045371c7cedd6a70212a04e360fd34d6edeae32f6952c63949e3525ea77dbec0289d8213a99bbaeab5abfa860b5c12cf88a2e6cf8106e90dd27a7e
  languageName: node
  linkType: hard

"before-after-hook@npm:^4.0.0":
  version: 4.0.0
  resolution: "before-after-hook@npm:4.0.0"
  checksum: 10c0/9f8ae8d1b06142bcfb9ef6625226b5e50348bb11210f266660eddcf9734e0db6f9afc4cb48397ee3f5ac0a3728f3ae401cdeea88413f7bed748a71db84657be2
  languageName: node
  linkType: hard

"chardet@npm:^0.7.0":
  version: 0.7.0
  resolution: "chardet@npm:0.7.0"
  checksum: 10c0/96e4731b9ec8050cbb56ab684e8c48d6c33f7826b755802d14e3ebfdc51c57afeece3ea39bc6b09acc359e4363525388b915e16640c1378053820f5e70d0f27d
  languageName: node
  linkType: hard

"cli-width@npm:^4.1.0":
  version: 4.1.0
  resolution: "cli-width@npm:4.1.0"
  checksum: 10c0/1fbd56413578f6117abcaf858903ba1f4ad78370a4032f916745fa2c7e390183a9d9029cf837df320b0fdce8137668e522f60a30a5f3d6529ff3872d265a955f
  languageName: node
  linkType: hard

"clipanion@npm:^4.0.0-rc.4":
  version: 4.0.0-rc.4
  resolution: "clipanion@npm:4.0.0-rc.4"
  dependencies:
    typanion: "npm:^3.8.0"
  peerDependencies:
    typanion: "*"
  checksum: 10c0/047b415b59a5e9777d00690fba563ccc850eca6bf27790a88d1deea3ecc8a89840ae9aed554ff284cc698a9f3f20256e43c25ff4a7c4c90a71e5e7d9dca61dd1
  languageName: node
  linkType: hard

"color-convert@npm:^2.0.1":
  version: 2.0.1
  resolution: "color-convert@npm:2.0.1"
  dependencies:
    color-name: "npm:~1.1.4"
  checksum: 10c0/37e1150172f2e311fe1b2df62c6293a342ee7380da7b9cfdba67ea539909afbd74da27033208d01d6d5cfc65ee7868a22e18d7e7648e004425441c0f8a15a7d7
  languageName: node
  linkType: hard

"color-name@npm:~1.1.4":
  version: 1.1.4
  resolution: "color-name@npm:1.1.4"
  checksum: 10c0/a1a3f914156960902f46f7f56bc62effc6c94e84b2cae157a526b1c1f74b677a47ec602bf68a61abfa2b42d15b7c5651c6dbe72a43af720bc588dff885b10f95
  languageName: node
  linkType: hard

"colorette@npm:^2.0.20":
  version: 2.0.20
  resolution: "colorette@npm:2.0.20"
  checksum: 10c0/e94116ff33b0ff56f3b83b9ace895e5bf87c2a7a47b3401b8c3f3226e050d5ef76cf4072fb3325f9dc24d1698f9b730baf4e05eeaf861d74a1883073f4c98a40
  languageName: node
  linkType: hard

"debug@npm:^4.4.0, debug@npm:^4.4.1":
  version: 4.4.1
  resolution: "debug@npm:4.4.1"
  dependencies:
    ms: "npm:^2.1.3"
  peerDependenciesMeta:
    supports-color:
      optional: true
  checksum: 10c0/d2b44bc1afd912b49bb7ebb0d50a860dc93a4dd7d946e8de94abc957bb63726b7dd5aa48c18c2386c379ec024c46692e15ed3ed97d481729f929201e671fcd55
  languageName: node
  linkType: hard

"emnapi@npm:^1.4.0":
  version: 1.4.5
  resolution: "emnapi@npm:1.4.5"
  peerDependencies:
    node-addon-api: ">= 6.1.0"
  peerDependenciesMeta:
    node-addon-api:
      optional: true
  checksum: 10c0/9bd37977040130b718f4d7d24f9255f52f993134b7dfcfb8b066f9c62be74e7c39b2ab936a6cc6f7713c72e38af97c07627aa74e9751cf64053bf0d4b7cd1e90
  languageName: node
  linkType: hard

"emoji-regex@npm:^8.0.0":
  version: 8.0.0
  resolution: "emoji-regex@npm:8.0.0"
  checksum: 10c0/b6053ad39951c4cf338f9092d7bfba448cdfd46fe6a2a034700b149ac9ffbc137e361cbd3c442297f86bed2e5f7576c1b54cc0a6bf8ef5106cc62f496af35010
  languageName: node
  linkType: hard

"external-editor@npm:^3.1.0":
  version: 3.1.0
  resolution: "external-editor@npm:3.1.0"
  dependencies:
    chardet: "npm:^0.7.0"
    iconv-lite: "npm:^0.4.24"
    tmp: "npm:^0.0.33"
  checksum: 10c0/c98f1ba3efdfa3c561db4447ff366a6adb5c1e2581462522c56a18bf90dfe4da382f9cd1feee3e330108c3595a854b218272539f311ba1b3298f841eb0fbf339
  languageName: node
  linkType: hard

"fast-content-type-parse@npm:^3.0.0":
  version: 3.0.0
  resolution: "fast-content-type-parse@npm:3.0.0"
  checksum: 10c0/06251880c83b7118af3a5e66e8bcee60d44f48b39396fc60acc2b4630bd5f3e77552b999b5c8e943d45a818854360e5e97164c374ec4b562b4df96a2cdf2e188
  languageName: node
  linkType: hard

"find-up@npm:^7.0.0":
  version: 7.0.0
  resolution: "find-up@npm:7.0.0"
  dependencies:
    locate-path: "npm:^7.2.0"
    path-exists: "npm:^5.0.0"
    unicorn-magic: "npm:^0.1.0"
  checksum: 10c0/e6ee3e6154560bc0ab3bc3b7d1348b31513f9bdf49a5dd2e952495427d559fa48cdf33953e85a309a323898b43fa1bfbc8b80c880dfc16068384783034030008
  languageName: node
  linkType: hard

"iconv-lite@npm:^0.4.24":
  version: 0.4.24
  resolution: "iconv-lite@npm:0.4.24"
  dependencies:
    safer-buffer: "npm:>= 2.1.2 < 3"
  checksum: 10c0/c6886a24cc00f2a059767440ec1bc00d334a89f250db8e0f7feb4961c8727118457e27c495ba94d082e51d3baca378726cd110aaf7ded8b9bbfd6a44760cf1d4
  languageName: node
  linkType: hard

"is-fullwidth-code-point@npm:^3.0.0":
  version: 3.0.0
  resolution: "is-fullwidth-code-point@npm:3.0.0"
  checksum: 10c0/bb11d825e049f38e04c06373a8d72782eee0205bda9d908cc550ccb3c59b99d750ff9537982e01733c1c94a58e35400661f57042158ff5e8f3e90cf936daf0fc
  languageName: node
  linkType: hard

"js-yaml@npm:^4.1.0":
  version: 4.1.0
  resolution: "js-yaml@npm:4.1.0"
  dependencies:
    argparse: "npm:^2.0.1"
  bin:
    js-yaml: bin/js-yaml.js
  checksum: 10c0/184a24b4eaacfce40ad9074c64fd42ac83cf74d8c8cd137718d456ced75051229e5061b8633c3366b8aada17945a7a356b337828c19da92b51ae62126575018f
  languageName: node
  linkType: hard

"locate-path@npm:^7.2.0":
  version: 7.2.0
  resolution: "locate-path@npm:7.2.0"
  dependencies:
    p-locate: "npm:^6.0.0"
  checksum: 10c0/139e8a7fe11cfbd7f20db03923cacfa5db9e14fa14887ea121345597472b4a63c1a42a8a5187defeeff6acf98fd568da7382aa39682d38f0af27433953a97751
  languageName: node
  linkType: hard

"lodash-es@npm:^4.17.21":
  version: 4.17.21
  resolution: "lodash-es@npm:4.17.21"
  checksum: 10c0/fb407355f7e6cd523a9383e76e6b455321f0f153a6c9625e21a8827d10c54c2a2341bd2ae8d034358b60e07325e1330c14c224ff582d04612a46a4f0479ff2f2
  languageName: node
  linkType: hard

"ms@npm:^2.1.3":
  version: 2.1.3
  resolution: "ms@npm:2.1.3"
  checksum: 10c0/d924b57e7312b3b63ad21fc5b3dc0af5e78d61a1fc7cfb5457edaf26326bf62be5307cc87ffb6862ef1c2b33b0233cdb5d4f01c4c958cc0d660948b65a287a48
  languageName: node
  linkType: hard

"mute-stream@npm:^2.0.0":
  version: 2.0.0
  resolution: "mute-stream@npm:2.0.0"
  checksum: 10c0/2cf48a2087175c60c8dcdbc619908b49c07f7adcfc37d29236b0c5c612d6204f789104c98cc44d38acab7b3c96f4a3ec2cfdc4934d0738d876dbefa2a12c69f4
  languageName: node
  linkType: hard

"os-tmpdir@npm:~1.0.2":
  version: 1.0.2
  resolution: "os-tmpdir@npm:1.0.2"
  checksum: 10c0/f438450224f8e2687605a8dd318f0db694b6293c5d835ae509a69e97c8de38b6994645337e5577f5001115470414638978cc49da1cdcc25106dad8738dc69990
  languageName: node
  linkType: hard

"p-limit@npm:^4.0.0":
  version: 4.0.0
  resolution: "p-limit@npm:4.0.0"
  dependencies:
    yocto-queue: "npm:^1.0.0"
  checksum: 10c0/a56af34a77f8df2ff61ddfb29431044557fcbcb7642d5a3233143ebba805fc7306ac1d448de724352861cb99de934bc9ab74f0d16fe6a5460bdbdf938de875ad
  languageName: node
  linkType: hard

"p-locate@npm:^6.0.0":
  version: 6.0.0
  resolution: "p-locate@npm:6.0.0"
  dependencies:
    p-limit: "npm:^4.0.0"
  checksum: 10c0/d72fa2f41adce59c198270aa4d3c832536c87a1806e0f69dffb7c1a7ca998fb053915ca833d90f166a8c082d3859eabfed95f01698a3214c20df6bb8de046312
  languageName: node
  linkType: hard

"path-exists@npm:^5.0.0":
  version: 5.0.0
  resolution: "path-exists@npm:5.0.0"
  checksum: 10c0/b170f3060b31604cde93eefdb7392b89d832dfbc1bed717c9718cbe0f230c1669b7e75f87e19901da2250b84d092989a0f9e44d2ef41deb09aa3ad28e691a40a
  languageName: node
  linkType: hard

"prettier@npm:^3.6.2":
  version: 3.6.2
  resolution: "prettier@npm:3.6.2"
  bin:
    prettier: bin/prettier.cjs
  checksum: 10c0/488cb2f2b99ec13da1e50074912870217c11edaddedeadc649b1244c749d15ba94e846423d062e2c4c9ae683e2d65f754de28889ba06e697ac4f988d44f45812
  languageName: node
  linkType: hard

"safer-buffer@npm:>= 2.1.2 < 3":
  version: 2.1.2
  resolution: "safer-buffer@npm:2.1.2"
  checksum: 10c0/7e3c8b2e88a1841c9671094bbaeebd94448111dd90a81a1f606f3f67708a6ec57763b3b47f06da09fc6054193e0e6709e77325415dc8422b04497a8070fa02d4
  languageName: node
  linkType: hard

"semver@npm:^7.7.1":
  version: 7.7.2
  resolution: "semver@npm:7.7.2"
  bin:
    semver: bin/semver.js
  checksum: 10c0/aca305edfbf2383c22571cb7714f48cadc7ac95371b4b52362fb8eeffdfbc0de0669368b82b2b15978f8848f01d7114da65697e56cd8c37b0dab8c58e543f9ea
  languageName: node
  linkType: hard

"signal-exit@npm:^4.1.0":
  version: 4.1.0
  resolution: "signal-exit@npm:4.1.0"
  checksum: 10c0/41602dce540e46d599edba9d9860193398d135f7ff72cab629db5171516cfae628d21e7bfccde1bbfdf11c48726bc2a6d1a8fb8701125852fbfda7cf19c6aa83
  languageName: node
  linkType: hard

"string-width@npm:^4.1.0":
  version: 4.2.3
  resolution: "string-width@npm:4.2.3"
  dependencies:
    emoji-regex: "npm:^8.0.0"
    is-fullwidth-code-point: "npm:^3.0.0"
    strip-ansi: "npm:^6.0.1"
  checksum: 10c0/1e525e92e5eae0afd7454086eed9c818ee84374bb80328fc41217ae72ff5f065ef1c9d7f72da41de40c75fa8bb3dee63d92373fd492c84260a552c636392a47b
  languageName: node
  linkType: hard

"strip-ansi@npm:^6.0.0, strip-ansi@npm:^6.0.1":
  version: 6.0.1
  resolution: "strip-ansi@npm:6.0.1"
  dependencies:
    ansi-regex: "npm:^5.0.1"
  checksum: 10c0/1ae5f212a126fe5b167707f716942490e3933085a5ff6c008ab97ab2f272c8025d3aa218b7bd6ab25729ca20cc81cddb252102f8751e13482a5199e873680952
  languageName: node
  linkType: hard

"tmp@npm:^0.0.33":
  version: 0.0.33
  resolution: "tmp@npm:0.0.33"
  dependencies:
    os-tmpdir: "npm:~1.0.2"
  checksum: 10c0/69863947b8c29cabad43fe0ce65cec5bb4b481d15d4b4b21e036b060b3edbf3bc7a5541de1bacb437bb3f7c4538f669752627fdf9b4aaf034cebd172ba373408
  languageName: node
  linkType: hard

"tslib@npm:^2.4.0":
  version: 2.8.1
  resolution: "tslib@npm:2.8.1"
  checksum: 10c0/9c4759110a19c53f992d9aae23aac5ced636e99887b51b9e61def52611732872ff7668757d4e4c61f19691e36f4da981cd9485e869b4a7408d689f6bf1f14e62
  languageName: node
  linkType: hard

"typanion@npm:^3.14.0, typanion@npm:^3.8.0":
  version: 3.14.0
  resolution: "typanion@npm:3.14.0"
  checksum: 10c0/8b03b19844e6955bfd906c31dc781bae6d7f1fb3ce4fe24b7501557013d4889ae5cefe671dafe98d87ead0adceb8afcb8bc16df7dc0bd2b7331bac96f3a7cae2
  languageName: node
  linkType: hard

"type-fest@npm:^0.21.3":
  version: 0.21.3
  resolution: "type-fest@npm:0.21.3"
  checksum: 10c0/902bd57bfa30d51d4779b641c2bc403cdf1371fb9c91d3c058b0133694fcfdb817aef07a47f40faf79039eecbaa39ee9d3c532deff244f3a19ce68cea71a61e8
  languageName: node
  linkType: hard

"typescript@npm:^5.8.3":
  version: 5.8.3
  resolution: "typescript@npm:5.8.3"
  bin:
    tsc: bin/tsc
    tsserver: bin/tsserver
  checksum: 10c0/5f8bb01196e542e64d44db3d16ee0e4063ce4f3e3966df6005f2588e86d91c03e1fb131c2581baf0fb65ee79669eea6e161cd448178986587e9f6844446dbb48
  languageName: node
  linkType: hard

"typescript@patch:typescript@npm%3A^5.8.3#optional!builtin<compat/typescript>":
  version: 5.8.3
  resolution: "typescript@patch:typescript@npm%3A5.8.3#optional!builtin<compat/typescript>::version=5.8.3&hash=5786d5"
  bin:
    tsc: bin/tsc
    tsserver: bin/tsserver
  checksum: 10c0/39117e346ff8ebd87ae1510b3a77d5d92dae5a89bde588c747d25da5c146603a99c8ee588c7ef80faaf123d89ed46f6dbd918d534d641083177d5fac38b8a1cb
  languageName: node
  linkType: hard

"undici-types@npm:~7.8.0":
  version: 7.8.0
  resolution: "undici-types@npm:7.8.0"
  checksum: 10c0/9d9d246d1dc32f318d46116efe3cfca5a72d4f16828febc1918d94e58f6ffcf39c158aa28bf5b4fc52f410446bc7858f35151367bd7a49f21746cab6497b709b
  languageName: node
  linkType: hard

"unicorn-magic@npm:^0.1.0":
  version: 0.1.0
  resolution: "unicorn-magic@npm:0.1.0"
  checksum: 10c0/e4ed0de05b0a05e735c7d8a2930881e5efcfc3ec897204d5d33e7e6247f4c31eac92e383a15d9a6bccb7319b4271ee4bea946e211bf14951fec6ff2cbbb66a92
  languageName: node
  linkType: hard

"universal-user-agent@npm:^7.0.0, universal-user-agent@npm:^7.0.2":
  version: 7.0.3
  resolution: "universal-user-agent@npm:7.0.3"
  checksum: 10c0/6043be466a9bb96c0ce82392842d9fddf4c37e296f7bacc2cb25f47123990eb436c82df824644f9c5070a94dbdb117be17f66d54599ab143648ec57ef93dbcc8
  languageName: node
  linkType: hard

"wasm-sjlj@npm:^1.0.6":
  version: 1.0.6
  resolution: "wasm-sjlj@npm:1.0.6"
  checksum: 10c0/e1172736ca02af383e838ce396b6cc7fc8814d7cc313b30b721c513a79140313cebadb094b9e76d13e27cc679cde72df4e660dbdc5033e8cf66cf0bd176024dd
  languageName: node
  linkType: hard

"wrap-ansi@npm:^6.2.0":
  version: 6.2.0
  resolution: "wrap-ansi@npm:6.2.0"
  dependencies:
    ansi-styles: "npm:^4.0.0"
    string-width: "npm:^4.1.0"
    strip-ansi: "npm:^6.0.0"
  checksum: 10c0/baad244e6e33335ea24e86e51868fe6823626e3a3c88d9a6674642afff1d34d9a154c917e74af8d845fd25d170c4ea9cf69a47133c3f3656e1252b3d462d9f6c
  languageName: node
  linkType: hard

"yocto-queue@npm:^1.0.0":
  version: 1.2.1
  resolution: "yocto-queue@npm:1.2.1"
  checksum: 10c0/5762caa3d0b421f4bdb7a1926b2ae2189fc6e4a14469258f183600028eb16db3e9e0306f46e8ebf5a52ff4b81a881f22637afefbef5399d6ad440824e9b27f9f
  languageName: node
  linkType: hard

"yoctocolors-cjs@npm:^2.1.2":
  version: 2.1.2
  resolution: "yoctocolors-cjs@npm:2.1.2"
  checksum: 10c0/a0e36eb88fea2c7981eab22d1ba45e15d8d268626e6c4143305e2c1628fa17ebfaa40cd306161a8ce04c0a60ee0262058eab12567493d5eb1409780853454c6f
  languageName: node
  linkType: hard
