# This file is generated by running "yarn install" inside your project.
# Manual changes might be lost - proceed with caution!

__metadata:
  version: 8
  cacheKey: 10c0

"@emnapi/core@npm:1.11.2":
  version: 1.11.2
  resolution: "@emnapi/core@npm:1.11.2"
  dependencies:
    "@emnapi/wasi-threads": "npm:1.2.2"
    tslib: "npm:^2.4.0"
  checksum: 10c0/424ca1607f498e524eb58db1095e6cc2082986edfd84a74b116d4e2c6e43b5e9d557ea7f0d7b9adf7f6d5023e25ac2ed6bd08caf0043d3d8602598d79579c2cd
  languageName: node
  linkType: hard

"@emnapi/runtime@npm:1.11.2":
  version: 1.11.2
  resolution: "@emnapi/runtime@npm:1.11.2"
  dependencies:
    tslib: "npm:^2.4.0"
  checksum: 10c0/d8d500059fe9c0864571c79ce29439c1b6fb44d7ec4ac865a2aaaa7469194e5d91ebdc820cabd37c3d373478b725a8b60771733e4743cfef41fc86d9a1f2eab0
  languageName: node
  linkType: hard

"@emnapi/wasi-threads@npm:1.2.2":
  version: 1.2.2
  resolution: "@emnapi/wasi-threads@npm:1.2.2"
  dependencies:
    tslib: "npm:^2.4.0"
  checksum: 10c0/f0dc8269d6b20ae5a7c7b36e7a6a333452009d461038ef4febb29da2f3f78c1e2b1576d7e8970a5c5789ed3caedc1f80f5b0c2a5373bdaf8d03b20432bb55747
  languageName: node
  linkType: hard

"@inquirer/ansi@npm:^2.0.7":
  version: 2.0.7
  resolution: "@inquirer/ansi@npm:2.0.7"
  checksum: 10c0/a574f97a899f0d9346fa26b528b3f4a9ba6dcb9172288efb6b4314d8486470ed53d2f538200f66a25b843c6e0cbf83688c6d5174a8dc6eca853b291b09609c5a
  languageName: node
  linkType: hard

"@inquirer/checkbox@npm:^5.2.1":
  version: 5.2.1
  resolution: "@inquirer/checkbox@npm:5.2.1"
  dependencies:
    "@inquirer/ansi": "npm:^2.0.7"
    "@inquirer/core": "npm:^11.2.1"
    "@inquirer/figures": "npm:^2.0.7"
    "@inquirer/type": "npm:^4.0.7"
  peerDependencies:
    "@types/node": ">=18"
  peerDependenciesMeta:
    "@types/node":
      optional: true
  checksum: 10c0/e3a845156c718fbbec228a0e7fd2a4f10775185615eac1f405b3a2bb2ae607dda6baf178fbd6487db0e12e5e33014536e81acefe65de57cd476a7aeaea6fb35d
  languageName: node
  linkType: hard

"@inquirer/confirm@npm:^6.1.1":
  version: 6.1.1
  resolution: "@inquirer/confirm@npm:6.1.1"
  dependencies:
    "@inquirer/core": "npm:^11.2.1"
    "@inquirer/type": "npm:^4.0.7"
  peerDependencies:
    "@types/node": ">=18"
  peerDependenciesMeta:
    "@types/node":
      optional: true
  checksum: 10c0/4684406161c09327df830b4026f3165b31e13831276d215051586408ed434423263b15686393ce95a4b55058c1b7f9b08aa4b66f5ac930b47523fff75051d36f
  languageName: node
  linkType: hard

"@inquirer/core@npm:^11.2.1":
  version: 11.2.1
  resolution: "@inquirer/core@npm:11.2.1"
  dependencies:
    "@inquirer/ansi": "npm:^2.0.7"
    "@inquirer/figures": "npm:^2.0.7"
    "@inquirer/type": "npm:^4.0.7"
    cli-width: "npm:^4.1.0"
    fast-wrap-ansi: "npm:^0.2.0"
    mute-stream: "npm:^3.0.0"
    signal-exit: "npm:^4.1.0"
  peerDependencies:
    "@types/node": ">=18"
  peerDependenciesMeta:
    "@types/node":
      optional: true
  checksum: 10c0/b5be386cecd9e441ac2f9d3417a6ae1c4658b3ee6cdf5dae791211400f4de158851f81fca2245e2062833716f95366b9e1717770828cb7365e756c16e822f0d2
  languageName: node
  linkType: hard

"@inquirer/editor@npm:^5.2.2":
  version: 5.2.2
  resolution: "@inquirer/editor@npm:5.2.2"
  dependencies:
    "@inquirer/core": "npm:^11.2.1"
    "@inquirer/external-editor": "npm:^3.0.3"
    "@inquirer/type": "npm:^4.0.7"
  peerDependencies:
    "@types/node": ">=18"
  peerDependenciesMeta:
    "@types/node":
      optional: true
  checksum: 10c0/a75e7012aad3ccc3ec84893463ed689924515a6cbaee8e2a475769fb27c12bcf359fcdd5f62e92107fc4be88fd69444c15adf13071982efc140c7015a6604d9a
  languageName: node
  linkType: hard

"@inquirer/expand@npm:^5.1.1":
  version: 5.1.1
  resolution: "@inquirer/expand@npm:5.1.1"
  dependencies:
    "@inquirer/core": "npm:^11.2.1"
    "@inquirer/type": "npm:^4.0.7"
  peerDependencies:
    "@types/node": ">=18"
  peerDependenciesMeta:
    "@types/node":
      optional: true
  checksum: 10c0/4de661a042147759ce351971a4f92010ab66cb76450424e7d8aec5de79b449d14e8751f54f557d0b047180bca2b76707626f4835ee46603c6200139c31b59652
  languageName: node
  linkType: hard

"@inquirer/external-editor@npm:^3.0.3":
  version: 3.0.3
  resolution: "@inquirer/external-editor@npm:3.0.3"
  dependencies:
    chardet: "npm:^2.1.1"
    iconv-lite: "npm:^0.7.2"
  peerDependencies:
    "@types/node": ">=18"
  peerDependenciesMeta:
    "@types/node":
      optional: true
  checksum: 10c0/fc24ddbff15f0874db6498c16d2fe153bb19a670d83605f480486d6ff0ea872ae2f32a548fd555797989db09850fa019a6b5e49a8d40cfee0d7deacad17edc1e
  languageName: node
  linkType: hard

"@inquirer/figures@npm:^2.0.7":
  version: 2.0.7
  resolution: "@inquirer/figures@npm:2.0.7"
  checksum: 10c0/e0573dc9ad25fa3628d5164745e52852d8cd832a9918605b7716df2e37a0005a0aaf40b6d81cef2ca09cb708b200e61b82d1dcd17003f572577e233c19a9ec7b
  languageName: node
  linkType: hard

"@inquirer/input@npm:^5.1.2":
  version: 5.1.2
  resolution: "@inquirer/input@npm:5.1.2"
  dependencies:
    "@inquirer/core": "npm:^11.2.1"
    "@inquirer/type": "npm:^4.0.7"
  peerDependencies:
    "@types/node": ">=18"
  peerDependenciesMeta:
    "@types/node":
      optional: true
  checksum: 10c0/9c3614f8d79fc2bec07a088858a58967a162046c9292b0c6f0c6f63396cf391181cfb54bb636f5b3dce8d23924c24ee4a0310183a493c94190e4750218f3744d
  languageName: node
  linkType: hard

"@inquirer/number@npm:^4.1.1":
  version: 4.1.1
  resolution: "@inquirer/number@npm:4.1.1"
  dependencies:
    "@inquirer/core": "npm:^11.2.1"
    "@inquirer/type": "npm:^4.0.7"
  peerDependencies:
    "@types/node": ">=18"
  peerDependenciesMeta:
    "@types/node":
      optional: true
  checksum: 10c0/06210dd70bf89d35242af43009b5e3f76a5f07d6275a9d842bbed61536032f5f349ecba1c20012975d7b0362deb89746d5903e90f21516da10bfd8c2055829a9
  languageName: node
  linkType: hard

"@inquirer/password@npm:^5.1.1":
  version: 5.1.1
  resolution: "@inquirer/password@npm:5.1.1"
  dependencies:
    "@inquirer/ansi": "npm:^2.0.7"
    "@inquirer/core": "npm:^11.2.1"
    "@inquirer/type": "npm:^4.0.7"
  peerDependencies:
    "@types/node": ">=18"
  peerDependenciesMeta:
    "@types/node":
      optional: true
  checksum: 10c0/e4cb3a53b56743808f83958a8fe85738d721599690a4bc7640eaa07fb8f4765bc6f174e40c16efcc8a5958a7169667e240714a706a36e831f9c7a6822cbe8b55
  languageName: node
  linkType: hard

"@inquirer/prompts@npm:^8.5.2":
  version: 8.5.2
  resolution: "@inquirer/prompts@npm:8.5.2"
  dependencies:
    "@inquirer/checkbox": "npm:^5.2.1"
    "@inquirer/confirm": "npm:^6.1.1"
    "@inquirer/editor": "npm:^5.2.2"
    "@inquirer/expand": "npm:^5.1.1"
    "@inquirer/input": "npm:^5.1.2"
    "@inquirer/number": "npm:^4.1.1"
    "@inquirer/password": "npm:^5.1.1"
    "@inquirer/rawlist": "npm:^5.3.1"
    "@inquirer/search": "npm:^4.2.1"
    "@inquirer/select": "npm:^5.2.1"
  peerDependencies:
    "@types/node": ">=18"
  peerDependenciesMeta:
    "@types/node":
      optional: true
  checksum: 10c0/253b92e31c6a1f8f00a778eda8196bb53fc931723f7db4a03937f38ccd4d07c987766d4f60b9250b5d90bfe30b04747dfa73927a9f6fb886bd48091ccb202535
  languageName: node
  linkType: hard

"@inquirer/rawlist@npm:^5.3.1":
  version: 5.3.1
  resolution: "@inquirer/rawlist@npm:5.3.1"
  dependencies:
    "@inquirer/core": "npm:^11.2.1"
    "@inquirer/type": "npm:^4.0.7"
  peerDependencies:
    "@types/node": ">=18"
  peerDependenciesMeta:
    "@types/node":
      optional: true
  checksum: 10c0/a05eb6a16633bd7b32b3b6b2c1f645e6e28d955475b21ba7222e7e66806b1be15be9f91235b2933e8d27e04fdad81ebfb2d64fc1fc0d4b8d82dcd2718817b2b9
  languageName: node
  linkType: hard

"@inquirer/search@npm:^4.2.1":
  version: 4.2.1
  resolution: "@inquirer/search@npm:4.2.1"
  dependencies:
    "@inquirer/core": "npm:^11.2.1"
    "@inquirer/figures": "npm:^2.0.7"
    "@inquirer/type": "npm:^4.0.7"
  peerDependencies:
    "@types/node": ">=18"
  peerDependenciesMeta:
    "@types/node":
      optional: true
  checksum: 10c0/eae9b2d524aae58266f96987696be22ad62f608661d28763c413f2560094d571a39d72a40630d2470f503ad5e6e50d8c574a653cc028bf79b51104fa91f59a67
  languageName: node
  linkType: hard

"@inquirer/select@npm:^5.2.1":
  version: 5.2.1
  resolution: "@inquirer/select@npm:5.2.1"
  dependencies:
    "@inquirer/ansi": "npm:^2.0.7"
    "@inquirer/core": "npm:^11.2.1"
    "@inquirer/figures": "npm:^2.0.7"
    "@inquirer/type": "npm:^4.0.7"
  peerDependencies:
    "@types/node": ">=18"
  peerDependenciesMeta:
    "@types/node":
      optional: true
  checksum: 10c0/3c6d0151b5a29111254a58eaf8b93bb4c476e68b0751526d8bff61a4bea457bdbe782890ae33977c5d2015f436596b5d32a8bb0677bfdf610f5f5998e65f5a92
  languageName: node
  linkType: hard

"@inquirer/type@npm:^4.0.7":
  version: 4.0.7
  resolution: "@inquirer/type@npm:4.0.7"
  peerDependencies:
    "@types/node": ">=18"
  peerDependenciesMeta:
    "@types/node":
      optional: true
  checksum: 10c0/80678ac1c6e19ce309909e4a54a69adc95697ea3abc2cb92f17b1bc52f4caadbcb4003ae7339fb5a70c0d36d3bde975e1bb4450069662f41c953a0d28695bb70
  languageName: node
  linkType: hard

"@mdpdf/mdpdf@workspace:.":
  version: 0.0.0-use.local
  resolution: "@mdpdf/mdpdf@workspace:."
  dependencies:
    "@napi-rs/cli": "npm:3.7.4"
    "@types/node": "npm:^24.1.0"
    prettier: "npm:^3.6.2"
    typescript: "npm:^5.8.3"
  languageName: unknown
  linkType: soft

"@napi-rs/cli@npm:3.7.4":
  version: 3.7.4
  resolution: "@napi-rs/cli@npm:3.7.4"
  dependencies:
    "@inquirer/prompts": "npm:^8.5.2"
    "@napi-rs/cross-toolchain": "npm:^1.0.3"
    "@napi-rs/wasm-tools": "npm:^1.0.1"
    "@octokit/rest": "npm:^22.0.1"
    clipanion: "npm:^4.0.0-rc.4"
    colorette: "npm:^2.0.20"
    emnapi: "npm:^1.11.1"
    es-toolkit: "npm:^1.47.0"
    js-yaml: "npm:^4.2.0"
    obug: "npm:^2.1.2"
    semver: "npm:^7.8.2"
    typanion: "npm:^3.14.0"
  peerDependencies:
    "@emnapi/runtime": ^1.7.1
  peerDependenciesMeta:
    "@emnapi/runtime":
      optional: true
  bin:
    napi: dist/cli.js
    napi-raw: cli.mjs
  checksum: 10c0/03e0cc62f6b1e116e998f4ea51f0795ced8c459e680ab1662b7c650a33d8a1a0424eded3882d033443ef743ea15c5f5902e709b9bb56a7bcc7b44053aa87d89c
  languageName: node
  linkType: hard

"@napi-rs/cross-toolchain@npm:^1.0.3":
  version: 1.0.3
  resolution: "@napi-rs/cross-toolchain@npm:1.0.3"
  dependencies:
    "@napi-rs/lzma": "npm:^1.4.5"
    "@napi-rs/tar": "npm:^1.1.0"
    debug: "npm:^4.4.1"
  peerDependencies:
    "@napi-rs/cross-toolchain-arm64-target-aarch64": ^1.0.3
    "@napi-rs/cross-toolchain-arm64-target-armv7": ^1.0.3
    "@napi-rs/cross-toolchain-arm64-target-ppc64le": ^1.0.3
    "@napi-rs/cross-toolchain-arm64-target-s390x": ^1.0.3
    "@napi-rs/cross-toolchain-arm64-target-x86_64": ^1.0.3
    "@napi-rs/cross-toolchain-x64-target-aarch64": ^1.0.3
    "@napi-rs/cross-toolchain-x64-target-armv7": ^1.0.3
    "@napi-rs/cross-toolchain-x64-target-ppc64le": ^1.0.3
    "@napi-rs/cross-toolchain-x64-target-s390x": ^1.0.3
    "@napi-rs/cross-toolchain-x64-target-x86_64": ^1.0.3
  peerDependenciesMeta:
    "@napi-rs/cross-toolchain-arm64-target-aarch64":
      optional: true
    "@napi-rs/cross-toolchain-arm64-target-armv7":
      optional: true
    "@napi-rs/cross-toolchain-arm64-target-ppc64le":
      optional: true
    "@napi-rs/cross-toolchain-arm64-target-s390x":
      optional: true
    "@napi-rs/cross-toolchain-arm64-target-x86_64":
      optional: true
    "@napi-rs/cross-toolchain-x64-target-aarch64":
      optional: true
    "@napi-rs/cross-toolchain-x64-target-armv7":
      optional: true
    "@napi-rs/cross-toolchain-x64-target-ppc64le":
      optional: true
    "@napi-rs/cross-toolchain-x64-target-s390x":
      optional: true
    "@napi-rs/cross-toolchain-x64-target-x86_64":
      optional: true
  checksum: 10c0/fcc7877c1e47ba6bf4801a4154240d3130703524b1fed17e736126ce58b53960872b9933f8434e3e86b4635e4c7fe881228be0d237210dd96c2087244523750f
  languageName: node
  linkType: hard

"@napi-rs/lzma-android-arm-eabi@npm:1.5.1":
  version: 1.5.1
  resolution: "@napi-rs/lzma-android-arm-eabi@npm:1.5.1"
  conditions: os=android & cpu=arm
  languageName: node
  linkType: hard

"@napi-rs/lzma-android-arm64@npm:1.5.1":
  version: 1.5.1
  resolution: "@napi-rs/lzma-android-arm64@npm:1.5.1"
  conditions: os=android & cpu=arm64
  languageName: node
  linkType: hard

"@napi-rs/lzma-darwin-arm64@npm:1.5.1":
  version: 1.5.1
  resolution: "@napi-rs/lzma-darwin-arm64@npm:1.5.1"
  conditions: os=darwin & cpu=arm64
  languageName: node
  linkType: hard

"@napi-rs/lzma-darwin-x64@npm:1.5.1":
  version: 1.5.1
  resolution: "@napi-rs/lzma-darwin-x64@npm:1.5.1"
  conditions: os=darwin & cpu=x64
  languageName: node
  linkType: hard

"@napi-rs/lzma-freebsd-x64@npm:1.5.1":
  version: 1.5.1
  resolution: "@napi-rs/lzma-freebsd-x64@npm:1.5.1"
  conditions: os=freebsd & cpu=x64
  languageName: node
  linkType: hard

"@napi-rs/lzma-linux-arm-gnueabihf@npm:1.5.1":
  version: 1.5.1
  resolution: "@napi-rs/lzma-linux-arm-gnueabihf@npm:1.5.1"
  conditions: os=linux & cpu=arm
  languageName: node
  linkType: hard

"@napi-rs/lzma-linux-arm64-gnu@npm:1.5.1":
  version: 1.5.1
  resolution: "@napi-rs/lzma-linux-arm64-gnu@npm:1.5.1"
  conditions: os=linux & cpu=arm64 & libc=glibc
  languageName: node
  linkType: hard

"@napi-rs/lzma-linux-arm64-musl@npm:1.5.1":
  version: 1.5.1
  resolution: "@napi-rs/lzma-linux-arm64-musl@npm:1.5.1"
  conditions: os=linux & cpu=arm64 & libc=musl
  languageName: node
  linkType: hard

"@napi-rs/lzma-linux-ppc64-gnu@npm:1.5.1":
  version: 1.5.1
  resolution: "@napi-rs/lzma-linux-ppc64-gnu@npm:1.5.1"
  conditions: os=linux & cpu=ppc64 & libc=glibc
  languageName: node
  linkType: hard

"@napi-rs/lzma-linux-riscv64-gnu@npm:1.5.1":
  version: 1.5.1
  resolution: "@napi-rs/lzma-linux-riscv64-gnu@npm:1.5.1"
  conditions: os=linux & cpu=riscv64 & libc=glibc
  languageName: node
  linkType: hard

"@napi-rs/lzma-linux-s390x-gnu@npm:1.5.1":
  version: 1.5.1
  resolution: "@napi-rs/lzma-linux-s390x-gnu@npm:1.5.1"
  conditions: os=linux & cpu=s390x & libc=glibc
  languageName: node
  linkType: hard

"@napi-rs/lzma-linux-x64-gnu@npm:1.5.1":
  version: 1.5.1
  resolution: "@napi-rs/lzma-linux-x64-gnu@npm:1.5.1"
  conditions: os=linux & cpu=x64 & libc=glibc
  languageName: node
  linkType: hard

"@napi-rs/lzma-linux-x64-musl@npm:1.5.1":
  version: 1.5.1
  resolution: "@napi-rs/lzma-linux-x64-musl@npm:1.5.1"
  conditions: os=linux & cpu=x64 & libc=musl
  languageName: node
  linkType: hard

"@napi-rs/lzma-wasm32-wasi@npm:1.5.1":
  version: 1.5.1
  resolution: "@napi-rs/lzma-wasm32-wasi@npm:1.5.1"
  dependencies:
    "@emnapi/core": "npm:1.11.2"
    "@emnapi/runtime": "npm:1.11.2"
    "@napi-rs/wasm-runtime": "npm:^1.1.6"
  conditions: cpu=wasm32
  languageName: node
  linkType: hard

"@napi-rs/lzma-win32-arm64-msvc@npm:1.5.1":
  version: 1.5.1
  resolution: "@napi-rs/lzma-win32-arm64-msvc@npm:1.5.1"
  conditions: os=win32 & cpu=arm64
  languageName: node
  linkType: hard

"@napi-rs/lzma-win32-ia32-msvc@npm:1.5.1":
  version: 1.5.1
  resolution: "@napi-rs/lzma-win32-ia32-msvc@npm:1.5.1"
  conditions: os=win32 & cpu=ia32
  languageName: node
  linkType: hard

"@napi-rs/lzma-win32-x64-msvc@npm:1.5.1":
  version: 1.5.1
  resolution: "@napi-rs/lzma-win32-x64-msvc@npm:1.5.1"
  conditions: os=win32 & cpu=x64
  languageName: node
  linkType: hard

"@napi-rs/lzma@npm:^1.4.5":
  version: 1.5.1
  resolution: "@napi-rs/lzma@npm:1.5.1"
  dependencies:
    "@napi-rs/lzma-android-arm-eabi": "npm:1.5.1"
    "@napi-rs/lzma-android-arm64": "npm:1.5.1"
    "@napi-rs/lzma-darwin-arm64": "npm:1.5.1"
    "@napi-rs/lzma-darwin-x64": "npm:1.5.1"
    "@napi-rs/lzma-freebsd-x64": "npm:1.5.1"
    "@napi-rs/lzma-linux-arm-gnueabihf": "npm:1.5.1"
    "@napi-rs/lzma-linux-arm64-gnu": "npm:1.5.1"
    "@napi-rs/lzma-linux-arm64-musl": "npm:1.5.1"
    "@napi-rs/lzma-linux-ppc64-gnu": "npm:1.5.1"
    "@napi-rs/lzma-linux-riscv64-gnu": "npm:1.5.1"
    "@napi-rs/lzma-linux-s390x-gnu": "npm:1.5.1"
    "@napi-rs/lzma-linux-x64-gnu": "npm:1.5.1"
    "@napi-rs/lzma-linux-x64-musl": "npm:1.5.1"
    "@napi-rs/lzma-wasm32-wasi": "npm:1.5.1"
    "@napi-rs/lzma-win32-arm64-msvc": "npm:1.5.1"
    "@napi-rs/lzma-win32-ia32-msvc": "npm:1.5.1"
    "@napi-rs/lzma-win32-x64-msvc": "npm:1.5.1"
  dependenciesMeta:
    "@napi-rs/lzma-android-arm-eabi":
      optional: true
    "@napi-rs/lzma-android-arm64":
      optional: true
    "@napi-rs/lzma-darwin-arm64":
      optional: true
    "@napi-rs/lzma-darwin-x64":
      optional: true
    "@napi-rs/lzma-freebsd-x64":
      optional: true
    "@napi-rs/lzma-linux-arm-gnueabihf":
      optional: true
    "@napi-rs/lzma-linux-arm64-gnu":
      optional: true
    "@napi-rs/lzma-linux-arm64-musl":
      optional: true
    "@napi-rs/lzma-linux-ppc64-gnu":
      optional: true
    "@napi-rs/lzma-linux-riscv64-gnu":
      optional: true
    "@napi-rs/lzma-linux-s390x-gnu":
      optional: true
    "@napi-rs/lzma-linux-x64-gnu":
      optional: true
    "@napi-rs/lzma-linux-x64-musl":
      optional: true
    "@napi-rs/lzma-wasm32-wasi":
      optional: true
    "@napi-rs/lzma-win32-arm64-msvc":
      optional: true
    "@napi-rs/lzma-win32-ia32-msvc":
      optional: true
    "@napi-rs/lzma-win32-x64-msvc":
      optional: true
  checksum: 10c0/026282bbdeee1f036e2f83b5889a282846c564afb0aad82702314d6cc7748258c756490e7a9d875520c337d1adf439d11cb1b5ba6ec620d04a2b79910fd72c41
  languageName: node
  linkType: hard

"@napi-rs/tar-android-arm-eabi@npm:1.1.1":
  version: 1.1.1
  resolution: "@napi-rs/tar-android-arm-eabi@npm:1.1.1"
  conditions: os=android & cpu=arm
  languageName: node
  linkType: hard

"@napi-rs/tar-android-arm64@npm:1.1.1":
  version: 1.1.1
  resolution: "@napi-rs/tar-android-arm64@npm:1.1.1"
  conditions: os=android & cpu=arm64
  languageName: node
  linkType: hard

"@napi-rs/tar-darwin-arm64@npm:1.1.1":
  version: 1.1.1
  resolution: "@napi-rs/tar-darwin-arm64@npm:1.1.1"
  conditions: os=darwin & cpu=arm64
  languageName: node
  linkType: hard

"@napi-rs/tar-darwin-x64@npm:1.1.1":
  version: 1.1.1
  resolution: "@napi-rs/tar-darwin-x64@npm:1.1.1"
  conditions: os=darwin & cpu=x64
  languageName: node
  linkType: hard

"@napi-rs/tar-freebsd-x64@npm:1.1.1":
  version: 1.1.1
  resolution: "@napi-rs/tar-freebsd-x64@npm:1.1.1"
  conditions: os=freebsd & cpu=x64
  languageName: node
  linkType: hard

"@napi-rs/tar-linux-arm-gnueabihf@npm:1.1.1":
  version: 1.1.1
  resolution: "@napi-rs/tar-linux-arm-gnueabihf@npm:1.1.1"
  conditions: os=linux & cpu=arm
  languageName: node
  linkType: hard

"@napi-rs/tar-linux-arm64-gnu@npm:1.1.1":
  version: 1.1.1
  resolution: "@napi-rs/tar-linux-arm64-gnu@npm:1.1.1"
  conditions: os=linux & cpu=arm64 & libc=glibc
  languageName: node
  linkType: hard

"@napi-rs/tar-linux-arm64-musl@npm:1.1.1":
  version: 1.1.1
  resolution: "@napi-rs/tar-linux-arm64-musl@npm:1.1.1"
  conditions: os=linux & cpu=arm64 & libc=musl
  languageName: node
  linkType: hard

"@napi-rs/tar-linux-ppc64-gnu@npm:1.1.1":
  version: 1.1.1
  resolution: "@napi-rs/tar-linux-ppc64-gnu@npm:1.1.1"
  conditions: os=linux & cpu=ppc64 & libc=glibc
  languageName: node
  linkType: hard

"@napi-rs/tar-linux-s390x-gnu@npm:1.1.1":
  version: 1.1.1
  resolution: "@napi-rs/tar-linux-s390x-gnu@npm:1.1.1"
  conditions: os=linux & cpu=s390x & libc=glibc
  languageName: node
  linkType: hard

"@napi-rs/tar-linux-x64-gnu@npm:1.1.1":
  version: 1.1.1
  resolution: "@napi-rs/tar-linux-x64-gnu@npm:1.1.1"
  conditions: os=linux & cpu=x64 & libc=glibc
  languageName: node
  linkType: hard

"@napi-rs/tar-linux-x64-musl@npm:1.1.1":
  version: 1.1.1
  resolution: "@napi-rs/tar-linux-x64-musl@npm:1.1.1"
  conditions: os=linux & cpu=x64 & libc=musl
  languageName: node
  linkType: hard

"@napi-rs/tar-wasm32-wasi@npm:1.1.1":
  version: 1.1.1
  resolution: "@napi-rs/tar-wasm32-wasi@npm:1.1.1"
  dependencies:
    "@emnapi/core": "npm:1.11.2"
    "@emnapi/runtime": "npm:1.11.2"
    "@napi-rs/wasm-runtime": "npm:^1.1.6"
  conditions: cpu=wasm32
  languageName: node
  linkType: hard

"@napi-rs/tar-win32-arm64-msvc@npm:1.1.1":
  version: 1.1.1
  resolution: "@napi-rs/tar-win32-arm64-msvc@npm:1.1.1"
  conditions: os=win32 & cpu=arm64
  languageName: node
  linkType: hard

"@napi-rs/tar-win32-ia32-msvc@npm:1.1.1":
  version: 1.1.1
  resolution: "@napi-rs/tar-win32-ia32-msvc@npm:1.1.1"
  conditions: os=win32 & cpu=ia32
  languageName: node
  linkType: hard

"@napi-rs/tar-win32-x64-msvc@npm:1.1.1":
  version: 1.1.1
  resolution: "@napi-rs/tar-win32-x64-msvc@npm:1.1.1"
  conditions: os=win32 & cpu=x64
  languageName: node
  linkType: hard

"@napi-rs/tar@npm:^1.1.0":
  version: 1.1.1
  resolution: "@napi-rs/tar@npm:1.1.1"
  dependencies:
    "@napi-rs/tar-android-arm-eabi": "npm:1.1.1"
    "@napi-rs/tar-android-arm64": "npm:1.1.1"
    "@napi-rs/tar-darwin-arm64": "npm:1.1.1"
    "@napi-rs/tar-darwin-x64": "npm:1.1.1"
    "@napi-rs/tar-freebsd-x64": "npm:1.1.1"
    "@napi-rs/tar-linux-arm-gnueabihf": "npm:1.1.1"
    "@napi-rs/tar-linux-arm64-gnu": "npm:1.1.1"
    "@napi-rs/tar-linux-arm64-musl": "npm:1.1.1"
    "@napi-rs/tar-linux-ppc64-gnu": "npm:1.1.1"
    "@napi-rs/tar-linux-s390x-gnu": "npm:1.1.1"
    "@napi-rs/tar-linux-x64-gnu": "npm:1.1.1"
    "@napi-rs/tar-linux-x64-musl": "npm:1.1.1"
    "@napi-rs/tar-wasm32-wasi": "npm:1.1.1"
    "@napi-rs/tar-win32-arm64-msvc": "npm:1.1.1"
    "@napi-rs/tar-win32-ia32-msvc": "npm:1.1.1"
    "@napi-rs/tar-win32-x64-msvc": "npm:1.1.1"
  dependenciesMeta:
    "@napi-rs/tar-android-arm-eabi":
      optional: true
    "@napi-rs/tar-android-arm64":
      optional: true
    "@napi-rs/tar-darwin-arm64":
      optional: true
    "@napi-rs/tar-darwin-x64":
      optional: true
    "@napi-rs/tar-freebsd-x64":
      optional: true
    "@napi-rs/tar-linux-arm-gnueabihf":
      optional: true
    "@napi-rs/tar-linux-arm64-gnu":
      optional: true
    "@napi-rs/tar-linux-arm64-musl":
      optional: true
    "@napi-rs/tar-linux-ppc64-gnu":
      optional: true
    "@napi-rs/tar-linux-s390x-gnu":
      optional: true
    "@napi-rs/tar-linux-x64-gnu":
      optional: true
    "@napi-rs/tar-linux-x64-musl":
      optional: true
    "@napi-rs/tar-wasm32-wasi":
      optional: true
    "@napi-rs/tar-win32-arm64-msvc":
      optional: true
    "@napi-rs/tar-win32-ia32-msvc":
      optional: true
    "@napi-rs/tar-win32-x64-msvc":
      optional: true
  checksum: 10c0/f43620db74ea5510db0d12f9ec4c21f442006f5604e61edf042a84188dfa9f395c8fa271afe08b94e190bdf962e79c5a474581d41407f690da5d6b0b742e3b76
  languageName: node
  linkType: hard

"@napi-rs/wasm-runtime@npm:^1.0.3, @napi-rs/wasm-runtime@npm:^1.1.6":
  version: 1.1.6
  resolution: "@napi-rs/wasm-runtime@npm:1.1.6"
  dependencies:
    "@tybys/wasm-util": "npm:^0.10.3"
  peerDependencies:
    "@emnapi/core": ^1.7.1
    "@emnapi/runtime": ^1.7.1
  checksum: 10c0/344518bf3ef65051dda4c00969f293aa4a21ab7dc7822b3f48519b17cd5eaa3f0bc34898d115d50ba59b1817a0cb905d46f7a7223c8249239cd14c28db388e10
  languageName: node
  linkType: hard

"@napi-rs/wasm-tools-android-arm-eabi@npm:1.0.1":
  version: 1.0.1
  resolution: "@napi-rs/wasm-tools-android-arm-eabi@npm:1.0.1"
  conditions: os=android & cpu=arm
  languageName: node
  linkType: hard

"@napi-rs/wasm-tools-android-arm64@npm:1.0.1":
  version: 1.0.1
  resolution: "@napi-rs/wasm-tools-android-arm64@npm:1.0.1"
  conditions: os=android & cpu=arm64
  languageName: node
  linkType: hard

"@napi-rs/wasm-tools-darwin-arm64@npm:1.0.1":
  version: 1.0.1
  resolution: "@napi-rs/wasm-tools-darwin-arm64@npm:1.0.1"
  conditions: os=darwin & cpu=arm64
  languageName: node
  linkType: hard

"@napi-rs/wasm-tools-darwin-x64@npm:1.0.1":
  version: 1.0.1
  resolution: "@napi-rs/wasm-tools-darwin-x64@npm:1.0.1"
  conditions: os=darwin & cpu=x64
  languageName: node
  linkType: hard

"@napi-rs/wasm-tools-freebsd-x64@npm:1.0.1":
  version: 1.0.1
  resolution: "@napi-rs/wasm-tools-freebsd-x64@npm:1.0.1"
  conditions: os=freebsd & cpu=x64
  languageName: node
  linkType: hard

"@napi-rs/wasm-tools-linux-arm64-gnu@npm:1.0.1":
  version: 1.0.1
  resolution: "@napi-rs/wasm-tools-linux-arm64-gnu@npm:1.0.1"
  conditions: os=linux & cpu=arm64 & libc=glibc
  languageName: node
  linkType: hard

"@napi-rs/wasm-tools-linux-arm64-musl@npm:1.0.1":
  version: 1.0.1
  resolution: "@napi-rs/wasm-tools-linux-arm64-musl@npm:1.0.1"
  conditions: os=linux & cpu=arm64 & libc=musl
  languageName: node
  linkType: hard

"@napi-rs/wasm-tools-linux-x64-gnu@npm:1.0.1":
  version: 1.0.1
  resolution: "@napi-rs/wasm-tools-linux-x64-gnu@npm:1.0.1"
  conditions: os=linux & cpu=x64 & libc=glibc
  languageName: node
  linkType: hard

"@napi-rs/wasm-tools-linux-x64-musl@npm:1.0.1":
  version: 1.0.1
  resolution: "@napi-rs/wasm-tools-linux-x64-musl@npm:1.0.1"
  conditions: os=linux & cpu=x64 & libc=musl
  languageName: node
  linkType: hard

"@napi-rs/wasm-tools-wasm32-wasi@npm:1.0.1":
  version: 1.0.1
  resolution: "@napi-rs/wasm-tools-wasm32-wasi@npm:1.0.1"
  dependencies:
    "@napi-rs/wasm-runtime": "npm:^1.0.3"
  conditions: cpu=wasm32
  languageName: node
  linkType: hard

"@napi-rs/wasm-tools-win32-arm64-msvc@npm:1.0.1":
  version: 1.0.1
  resolution: "@napi-rs/wasm-tools-win32-arm64-msvc@npm:1.0.1"
  conditions: os=win32 & cpu=arm64
  languageName: node
  linkType: hard

"@napi-rs/wasm-tools-win32-ia32-msvc@npm:1.0.1":
  version: 1.0.1
  resolution: "@napi-rs/wasm-tools-win32-ia32-msvc@npm:1.0.1"
  conditions: os=win32 & cpu=ia32
  languageName: node
  linkType: hard

"@napi-rs/wasm-tools-win32-x64-msvc@npm:1.0.1":
  version: 1.0.1
  resolution: "@napi-rs/wasm-tools-win32-x64-msvc@npm:1.0.1"
  conditions: os=win32 & cpu=x64
  languageName: node
  linkType: hard

"@napi-rs/wasm-tools@npm:^1.0.1":
  version: 1.0.1
  resolution: "@napi-rs/wasm-tools@npm:1.0.1"
  dependencies:
    "@napi-rs/wasm-tools-android-arm-eabi": "npm:1.0.1"
    "@napi-rs/wasm-tools-android-arm64": "npm:1.0.1"
    "@napi-rs/wasm-tools-darwin-arm64": "npm:1.0.1"
    "@napi-rs/wasm-tools-darwin-x64": "npm:1.0.1"
    "@napi-rs/wasm-tools-freebsd-x64": "npm:1.0.1"
    "@napi-rs/wasm-tools-linux-arm64-gnu": "npm:1.0.1"
    "@napi-rs/wasm-tools-linux-arm64-musl": "npm:1.0.1"
    "@napi-rs/wasm-tools-linux-x64-gnu": "npm:1.0.1"
    "@napi-rs/wasm-tools-linux-x64-musl": "npm:1.0.1"
    "@napi-rs/wasm-tools-wasm32-wasi": "npm:1.0.1"
    "@napi-rs/wasm-tools-win32-arm64-msvc": "npm:1.0.1"
    "@napi-rs/wasm-tools-win32-ia32-msvc": "npm:1.0.1"
    "@napi-rs/wasm-tools-win32-x64-msvc": "npm:1.0.1"
  dependenciesMeta:
    "@napi-rs/wasm-tools-android-arm-eabi":
      optional: true
    "@napi-rs/wasm-tools-android-arm64":
      optional: true
    "@napi-rs/wasm-tools-darwin-arm64":
      optional: true
    "@napi-rs/wasm-tools-darwin-x64":
      optional: true
    "@napi-rs/wasm-tools-freebsd-x64":
      optional: true
    "@napi-rs/wasm-tools-linux-arm64-gnu":
      optional: true
    "@napi-rs/wasm-tools-linux-arm64-musl":
      optional: true
    "@napi-rs/wasm-tools-linux-x64-gnu":
      optional: true
    "@napi-rs/wasm-tools-linux-x64-musl":
      optional: true
    "@napi-rs/wasm-tools-wasm32-wasi":
      optional: true
    "@napi-rs/wasm-tools-win32-arm64-msvc":
      optional: true
    "@napi-rs/wasm-tools-win32-ia32-msvc":
      optional: true
    "@napi-rs/wasm-tools-win32-x64-msvc":
      optional: true
  checksum: 10c0/bee9258e0b16a2415acc57d9aa281fa50402b38f631aea28e3a8ecd16415cdfffade63313bca777e85c3a73b80cce899ac3dd35eba9104951d7da1eb28913122
  languageName: node
  linkType: hard

"@octokit/auth-token@npm:^6.0.0":
  version: 6.0.0
  resolution: "@octokit/auth-token@npm:6.0.0"
  checksum: 10c0/32ecc904c5f6f4e5d090bfcc679d70318690c0a0b5040cd9a25811ad9dcd44c33f2cf96b6dbee1cd56cf58fde28fb1819c01b58718aa5c971f79c822357cb5c0
  languageName: node
  linkType: hard

"@octokit/core@npm:^7.0.6":
  version: 7.0.6
  resolution: "@octokit/core@npm:7.0.6"
  dependencies:
    "@octokit/auth-token": "npm:^6.0.0"
    "@octokit/graphql": "npm:^9.0.3"
    "@octokit/request": "npm:^10.0.6"
    "@octokit/request-error": "npm:^7.0.2"
    "@octokit/types": "npm:^16.0.0"
    before-after-hook: "npm:^4.0.0"
    universal-user-agent: "npm:^7.0.0"
  checksum: 10c0/95a328ff7c7223d9eb4aa778c63171828514ae0e0f588d33beb81a4dc03bbeae055382f6060ce23c979ab46272409942ff2cf3172109999e48429c47055b1fbe
  languageName: node
  linkType: hard

"@octokit/endpoint@npm:^11.0.3":
  version: 11.0.3
  resolution: "@octokit/endpoint@npm:11.0.3"
  dependencies:
    "@octokit/types": "npm:^16.0.0"
    universal-user-agent: "npm:^7.0.2"
  checksum: 10c0/3f9b67e6923ece5009aebb0dcbae5837fb574bc422561424049a43ead7fea6f132234edb72239d6ec067cf734937a608e4081af81c109de2cb754528f0d00520
  languageName: node
  linkType: hard

"@octokit/graphql@npm:^9.0.3":
  version: 9.0.3
  resolution: "@octokit/graphql@npm:9.0.3"
  dependencies:
    "@octokit/request": "npm:^10.0.6"
    "@octokit/types": "npm:^16.0.0"
    universal-user-agent: "npm:^7.0.0"
  checksum: 10c0/58588d3fb2834f64244fa5376ca7922a30117b001b621e141fab0d52806370803ab0c046ac99b120fa5f45b770f52a815157fb6ffc147fc6c1da4047c1f1af49
  languageName: node
  linkType: hard

"@octokit/openapi-types@npm:^27.0.0":
  version: 27.0.0
  resolution: "@octokit/openapi-types@npm:27.0.0"
  checksum: 10c0/602d1de033da180a2e982cdbd3646bd5b2e16ecf36b9955a0f23e37ae9e6cb086abb48ff2ae6f2de000fce03e8ae9051794611ae4a95a8f5f6fb63276e7b8e31
  languageName: node
  linkType: hard

"@octokit/plugin-paginate-rest@npm:^14.0.0":
  version: 14.0.0
  resolution: "@octokit/plugin-paginate-rest@npm:14.0.0"
  dependencies:
    "@octokit/types": "npm:^16.0.0"
  peerDependencies:
    "@octokit/core": ">=6"
  checksum: 10c0/841d79d4ccfe18fc809a4a67529b75c1dcdda13399bf4bf5b48ce7559c8b4b2cd422e3204bad4cbdea31c0cf0943521067415268e5bcfc615a3b813e058cad6b
  languageName: node
  linkType: hard

"@octokit/plugin-request-log@npm:^6.0.0":
  version: 6.0.0
  resolution: "@octokit/plugin-request-log@npm:6.0.0"
  peerDependencies:
    "@octokit/core": ">=6"
  checksum: 10c0/40e46ad0c77235742d0bf698ab4e17df1ae06e0d7824ffc5867ed71e27de860875adb73d89629b823fe8647459a8f262c26ed1aa6ee374873fa94095f37df0bb
  languageName: node
  linkType: hard

"@octokit/plugin-rest-endpoint-methods@npm:^17.0.0":
  version: 17.0.0
  resolution: "@octokit/plugin-rest-endpoint-methods@npm:17.0.0"
  dependencies:
    "@octokit/types": "npm:^16.0.0"
  peerDependencies:
    "@octokit/core": ">=6"
  checksum: 10c0/cf9984d7cf6a36ff7ff1b86078ae45fe246e3df10fcef0bccf20c8cfd27bf5e7d98dcb9cf5a7b56332b9c6fa30be28d159c2987d272a4758f77056903d94402f
  languageName: node
  linkType: hard

"@octokit/request-error@npm:^7.0.2":
  version: 7.1.0
  resolution: "@octokit/request-error@npm:7.1.0"
  dependencies:
    "@octokit/types": "npm:^16.0.0"
  checksum: 10c0/62b90a54545c36a30b5ffdda42e302c751be184d85b68ffc7f1242c51d7ca54dbd185b7d0027b491991776923a910c85c9c51269fe0d86111bac187507a5abc4
  languageName: node
  linkType: hard

"@octokit/request@npm:^10.0.6":
  version: 10.0.11
  resolution: "@octokit/request@npm:10.0.11"
  dependencies:
    "@octokit/endpoint": "npm:^11.0.3"
    "@octokit/request-error": "npm:^7.0.2"
    "@octokit/types": "npm:^16.0.0"
    content-type: "npm:^2.0.0"
    json-with-bigint: "npm:^3.5.3"
    universal-user-agent: "npm:^7.0.2"
  checksum: 10c0/ee9782d77faa8e1d8ac2505ff7b18b29e7f9eac6b4a844a5806b478ab2298e8add05d9707079ffb83b8fcfe48b39a9b4af3d6e5188ff77e854b55465ead9db97
  languageName: node
  linkType: hard

"@octokit/rest@npm:^22.0.1":
  version: 22.0.1
  resolution: "@octokit/rest@npm:22.0.1"
  dependencies:
    "@octokit/core": "npm:^7.0.6"
    "@octokit/plugin-paginate-rest": "npm:^14.0.0"
    "@octokit/plugin-request-log": "npm:^6.0.0"
    "@octokit/plugin-rest-endpoint-methods": "npm:^17.0.0"
  checksum: 10c0/f3abd84e887cc837973214ce70720a9bba53f5575f40601c6122aa25206e9055d859c0388437f0a137f6cd0e4ff405e1b46b903475b0db32a17bada0c6513d5b
  languageName: node
  linkType: hard

"@octokit/types@npm:^16.0.0":
  version: 16.0.0
  resolution: "@octokit/types@npm:16.0.0"
  dependencies:
    "@octokit/openapi-types": "npm:^27.0.0"
  checksum: 10c0/b8d41098ba6fc194d13d641f9441347e3a3b96c0efabac0e14f57319340a2d4d1c8676e4cb37ab3062c5c323c617e790b0126916e9bf7b201b0cced0826f8ae2
  languageName: node
  linkType: hard

"@tybys/wasm-util@npm:^0.10.3":
  version: 0.10.3
  resolution: "@tybys/wasm-util@npm:0.10.3"
  dependencies:
    tslib: "npm:^2.4.0"
  checksum: 10c0/fd2bd2a79c6cd8c79ed1cf7a0fa375c64589264c88a27acaf9756d556b453ea222b62a4f68dd2fbb8b3a78b6bab3b1f4fb2431b6afc6aeda8344b53a521a1cd3
  languageName: node
  linkType: hard

"@types/node@npm:^24.1.0":
  version: 24.1.0
  resolution: "@types/node@npm:24.1.0"
  dependencies:
    undici-types: "npm:~7.8.0"
  checksum: 10c0/6c4686bc144f6ce7bffd4cadc3e1196e2217c1da4c639c637213719c8a3ee58b6c596b994befcbffeacd9d9eb0c3bff6529d2bc27da5d1cb9d58b1da0056f9f4
  languageName: node
  linkType: hard

"argparse@npm:^2.0.1":
  version: 2.0.1
  resolution: "argparse@npm:2.0.1"
  checksum: 10c0/c5640c2d89045371c7cedd6a70212a04e360fd34d6edeae32f6952c63949e3525ea77dbec0289d8213a99bbaeab5abfa860b5c12cf88a2e6cf8106e90dd27a7e
  languageName: node
  linkType: hard

"before-after-hook@npm:^4.0.0":
  version: 4.0.0
  resolution: "before-after-hook@npm:4.0.0"
  checksum: 10c0/9f8ae8d1b06142bcfb9ef6625226b5e50348bb11210f266660eddcf9734e0db6f9afc4cb48397ee3f5ac0a3728f3ae401cdeea88413f7bed748a71db84657be2
  languageName: node
  linkType: hard

"chardet@npm:^2.1.1":
  version: 2.2.0
  resolution: "chardet@npm:2.2.0"
  checksum: 10c0/8d43a1dd3ce535aa070d04139fae62f879b4388394eb1d857364ce416675a1f0f63974fba8208e9cd11b49e1a6da3e65ea6393d0fc654a8c4217c0d74c16b1b4
  languageName: node
  linkType: hard

"cli-width@npm:^4.1.0":
  version: 4.1.0
  resolution: "cli-width@npm:4.1.0"
  checksum: 10c0/1fbd56413578f6117abcaf858903ba1f4ad78370a4032f916745fa2c7e390183a9d9029cf837df320b0fdce8137668e522f60a30a5f3d6529ff3872d265a955f
  languageName: node
  linkType: hard

"clipanion@npm:^4.0.0-rc.4":
  version: 4.0.0-rc.4
  resolution: "clipanion@npm:4.0.0-rc.4"
  dependencies:
    typanion: "npm:^3.8.0"
  peerDependencies:
    typanion: "*"
  checksum: 10c0/047b415b59a5e9777d00690fba563ccc850eca6bf27790a88d1deea3ecc8a89840ae9aed554ff284cc698a9f3f20256e43c25ff4a7c4c90a71e5e7d9dca61dd1
  languageName: node
  linkType: hard

"colorette@npm:^2.0.20":
  version: 2.0.20
  resolution: "colorette@npm:2.0.20"
  checksum: 10c0/e94116ff33b0ff56f3b83b9ace895e5bf87c2a7a47b3401b8c3f3226e050d5ef76cf4072fb3325f9dc24d1698f9b730baf4e05eeaf861d74a1883073f4c98a40
  languageName: node
  linkType: hard

"content-type@npm:^2.0.0":
  version: 2.0.0
  resolution: "content-type@npm:2.0.0"
  checksum: 10c0/491539fff707d7594b0ca4fabcc084bef2a31ffa754ff0a4f80c4377e3963cff0394317f9271c24087596c97fa675bc123d61fa34ffe65b4904e7d3d3098de72
  languageName: node
  linkType: hard

"debug@npm:^4.4.1":
  version: 4.4.1
  resolution: "debug@npm:4.4.1"
  dependencies:
    ms: "npm:^2.1.3"
  peerDependenciesMeta:
    supports-color:
      optional: true
  checksum: 10c0/d2b44bc1afd912b49bb7ebb0d50a860dc93a4dd7d946e8de94abc957bb63726b7dd5aa48c18c2386c379ec024c46692e15ed3ed97d481729f929201e671fcd55
  languageName: node
  linkType: hard

"emnapi@npm:^1.11.1":
  version: 1.11.2
  resolution: "emnapi@npm:1.11.2"
  peerDependencies:
    node-addon-api: ">= 6.1.0"
  peerDependenciesMeta:
    node-addon-api:
      optional: true
  checksum: 10c0/4cdb0eb1f4905f8d176b22dd1b10e3f1ded78048f7dae554230a0af81ddb6935b6698e8d5930c4285b49296ed73d22dcfce4b5540b51bcfcb8e77db44be052bc
  languageName: node
  linkType: hard

"es-toolkit@npm:^1.47.0":
  version: 1.49.0
  resolution: "es-toolkit@npm:1.49.0"
  dependenciesMeta:
    "@trivago/prettier-plugin-sort-imports@4.3.0":
      unplugged: true
    prettier-plugin-sort-re-exports@0.0.1:
      unplugged: true
    vitepress-plugin-sandpack@1.1.4:
      unplugged: true
  checksum: 10c0/ab0864bb0c5c494ed09043d53a74b58a0ab9df1b89b9b54bce72a63de2869152d7d65e489dc89ab671f0fea243728922c8a8f8c873f1b2a53350a23360b3e2df
  languageName: node
  linkType: hard

"fast-string-truncated-width@npm:^3.0.2":
  version: 3.0.3
  resolution: "fast-string-truncated-width@npm:3.0.3"
  checksum: 10c0/043b8663397d14a3880ce4f3407bcda60b40db9bbeafe62863a35d1f9c69ea17c8da3fcd72de235553e6c9cd053128cde9e24ca0d4a7463208f48db3cd23d981
  languageName: node
  linkType: hard

"fast-string-width@npm:^3.0.2":
  version: 3.0.2
  resolution: "fast-string-width@npm:3.0.2"
  dependencies:
    fast-string-truncated-width: "npm:^3.0.2"
  checksum: 10c0/c8822d175315bb353ebe782b65214ac53b13e3bf704e03b132ea7bdfa8de6a636375b3ab7a4097545393d109381c37c4f387c72a462c90b61412dbc4632f39a7
  languageName: node
  linkType: hard

"fast-wrap-ansi@npm:^0.2.0":
  version: 0.2.2
  resolution: "fast-wrap-ansi@npm:0.2.2"
  dependencies:
    fast-string-width: "npm:^3.0.2"
  checksum: 10c0/1aa7be4f7cb86f4bdb14691cb6bcc0b8df8b3b89df142ade3ae1602332dcf6f990cd750a923cd581ca0847808cb4ec1aa5afaafa7a72f849e87a2a62c98fa370
  languageName: node
  linkType: hard

"iconv-lite@npm:^0.7.2":
  version: 0.7.3
  resolution: "iconv-lite@npm:0.7.3"
  dependencies:
    safer-buffer: "npm:>= 2.1.2 < 3.0.0"
  checksum: 10c0/be2fd2414f7e94be3a63063fa0ad5919c16bc7b6e00c77eea0765ced6db405739f38dd51016583058fba25cc1d0106ba30b83fbb7a7e32f824d4db76f23d8d33
  languageName: node
  linkType: hard

"js-yaml@npm:^4.2.0":
  version: 4.3.0
  resolution: "js-yaml@npm:4.3.0"
  dependencies:
    argparse: "npm:^2.0.1"
  bin:
    js-yaml: bin/js-yaml.js
  checksum: 10c0/058b30473d6915ca5b4feb11e2f7d4d97242f98d00a798ed48dd90b46b7c640398afe9128c5db22c5300f8c6528fe2a174b9a93f351a70ebc28c6203938d8bff
  languageName: node
  linkType: hard

"json-with-bigint@npm:^3.5.3":
  version: 3.5.10
  resolution: "json-with-bigint@npm:3.5.10"
  checksum: 10c0/66bb375f02fb01e61e72258e6dbf71f3160c65a2e5cb80bf66ef44ec2419926f15635276e58e02605bc3da55f4237579fd61b19d0b01471a1d9e82dff9cada11
  languageName: node
  linkType: hard

"ms@npm:^2.1.3":
  version: 2.1.3
  resolution: "ms@npm:2.1.3"
  checksum: 10c0/d924b57e7312b3b63ad21fc5b3dc0af5e78d61a1fc7cfb5457edaf26326bf62be5307cc87ffb6862ef1c2b33b0233cdb5d4f01c4c958cc0d660948b65a287a48
  languageName: node
  linkType: hard

"mute-stream@npm:^3.0.0":
  version: 3.0.0
  resolution: "mute-stream@npm:3.0.0"
  checksum: 10c0/12cdb36a101694c7a6b296632e6d93a30b74401873cf7507c88861441a090c71c77a58f213acadad03bc0c8fa186639dec99d68a14497773a8744320c136e701
  languageName: node
  linkType: hard

"obug@npm:^2.1.2":
  version: 2.1.4
  resolution: "obug@npm:2.1.4"
  checksum: 10c0/34a0ee97cd88573cfd97d384c2a79f07118ae5680d7e45d1de6e99c74eddefe145e8ca27a2db02195a1ee5fded5aa22b924869c842728c201b9f109a27d0ef19
  languageName: node
  linkType: hard

"prettier@npm:^3.6.2":
  version: 3.6.2
  resolution: "prettier@npm:3.6.2"
  bin:
    prettier: bin/prettier.cjs
  checksum: 10c0/488cb2f2b99ec13da1e50074912870217c11edaddedeadc649b1244c749d15ba94e846423d062e2c4c9ae683e2d65f754de28889ba06e697ac4f988d44f45812
  languageName: node
  linkType: hard

"safer-buffer@npm:>= 2.1.2 < 3.0.0":
  version: 2.1.2
  resolution: "safer-buffer@npm:2.1.2"
  checksum: 10c0/7e3c8b2e88a1841c9671094bbaeebd94448111dd90a81a1f606f3f67708a6ec57763b3b47f06da09fc6054193e0e6709e77325415dc8422b04497a8070fa02d4
  languageName: node
  linkType: hard

"semver@npm:^7.8.2":
  version: 7.8.5
  resolution: "semver@npm:7.8.5"
  bin:
    semver: bin/semver.js
  checksum: 10c0/b1f3127a5be8125a94f37188b361c212466c292c6910adce3ec106cff5dc211ccaedc4739c11bb70fda59d6fc1f040a9bca289f4e093451521a2372e5231fe0c
  languageName: node
  linkType: hard

"signal-exit@npm:^4.1.0":
  version: 4.1.0
  resolution: "signal-exit@npm:4.1.0"
  checksum: 10c0/41602dce540e46d599edba9d9860193398d135f7ff72cab629db5171516cfae628d21e7bfccde1bbfdf11c48726bc2a6d1a8fb8701125852fbfda7cf19c6aa83
  languageName: node
  linkType: hard

"tslib@npm:^2.4.0":
  version: 2.8.1
  resolution: "tslib@npm:2.8.1"
  checksum: 10c0/9c4759110a19c53f992d9aae23aac5ced636e99887b51b9e61def52611732872ff7668757d4e4c61f19691e36f4da981cd9485e869b4a7408d689f6bf1f14e62
  languageName: node
  linkType: hard

"typanion@npm:^3.14.0, typanion@npm:^3.8.0":
  version: 3.14.0
  resolution: "typanion@npm:3.14.0"
  checksum: 10c0/8b03b19844e6955bfd906c31dc781bae6d7f1fb3ce4fe24b7501557013d4889ae5cefe671dafe98d87ead0adceb8afcb8bc16df7dc0bd2b7331bac96f3a7cae2
  languageName: node
  linkType: hard

"typescript@npm:^5.8.3":
  version: 5.8.3
  resolution: "typescript@npm:5.8.3"
  bin:
    tsc: bin/tsc
    tsserver: bin/tsserver
  checksum: 10c0/5f8bb01196e542e64d44db3d16ee0e4063ce4f3e3966df6005f2588e86d91c03e1fb131c2581baf0fb65ee79669eea6e161cd448178986587e9f6844446dbb48
  languageName: node
  linkType: hard

"typescript@patch:typescript@npm%3A^5.8.3#optional!builtin<compat/typescript>":
  version: 5.8.3
  resolution: "typescript@patch:typescript@npm%3A5.8.3#optional!builtin<compat/typescript>::version=5.8.3&hash=5786d5"
  bin:
    tsc: bin/tsc
    tsserver: bin/tsserver
  checksum: 10c0/39117e346ff8ebd87ae1510b3a77d5d92dae5a89bde588c747d25da5c146603a99c8ee588c7ef80faaf123d89ed46f6dbd918d534d641083177d5fac38b8a1cb
  languageName: node
  linkType: hard

"undici-types@npm:~7.8.0":
  version: 7.8.0
  resolution: "undici-types@npm:7.8.0"
  checksum: 10c0/9d9d246d1dc32f318d46116efe3cfca5a72d4f16828febc1918d94e58f6ffcf39c158aa28bf5b4fc52f410446bc7858f35151367bd7a49f21746cab6497b709b
  languageName: node
  linkType: hard

"universal-user-agent@npm:^7.0.0, universal-user-agent@npm:^7.0.2":
  version: 7.0.3
  resolution: "universal-user-agent@npm:7.0.3"
  checksum: 10c0/6043be466a9bb96c0ce82392842d9fddf4c37e296f7bacc2cb25f47123990eb436c82df824644f9c5070a94dbdb117be17f66d54599ab143648ec57ef93dbcc8
  languageName: node
  linkType: hard
